// !$*UTF8*$!
{
	archiveVersion = 1;
	classes = {
	};
	objectVersion = 46;
	objects = {

/* Begin PBXBuildFile section */
		2631E16C1F5E7DE900D3AA72 /* Register.swift in Sources */ = {isa = PBXBuildFile; fileRef = 2631E16B1F5E7DE900D3AA72 /* Register.swift */; };
		2631E16E1F5E81F700D3AA72 /* RegisterService.swift in Sources */ = {isa = PBXBuildFile; fileRef = 2631E16D1F5E81F700D3AA72 /* RegisterService.swift */; };
		2631E1701F5E84BE00D3AA72 /* RegisterViewControllerExtension.swift in Sources */ = {isa = PBXBuildFile; fileRef = 2631E16F1F5E84BE00D3AA72 /* RegisterViewControllerExtension.swift */; };
		2631E1731F5E85C200D3AA72 /* String.swift in Sources */ = {isa = PBXBuildFile; fileRef = 2631E1721F5E85C100D3AA72 /* String.swift */; };
		26442B541F5BA9E000542790 /* ColorTheme.swift in Sources */ = {isa = PBXBuildFile; fileRef = 26442B531F5BA9E000542790 /* ColorTheme.swift */; };
		26442B581F5BAB9800542790 /* JustAnotherHand-Regular.ttf in Resources */ = {isa = PBXBuildFile; fileRef = 26442B561F5BAB9800542790 /* JustAnotherHand-Regular.ttf */; };
		26442B591F5BAB9800542790 /* LICENSE.txt in Resources */ = {isa = PBXBuildFile; fileRef = 26442B571F5BAB9800542790 /* LICENSE.txt */; };
		267B3AB01F6A79A900901A95 /* Lobster-Regular.ttf in Resources */ = {isa = PBXBuildFile; fileRef = 267B3AAE1F6A79A900901A95 /* Lobster-Regular.ttf */; };
		267B3AB11F6A79AA00901A95 /* OFL.txt in Resources */ = {isa = PBXBuildFile; fileRef = 267B3AAF1F6A79A900901A95 /* OFL.txt */; };
		267B3AB71F6A7BE100901A95 /* RockoFLF-Bold.ttf in Resources */ = {isa = PBXBuildFile; fileRef = 267B3AB31F6A7BE100901A95 /* RockoFLF-Bold.ttf */; };
		267B3AB81F6A7BE100901A95 /* RockoFLF.ttf in Resources */ = {isa = PBXBuildFile; fileRef = 267B3AB41F6A7BE100901A95 /* RockoFLF.ttf */; };
		267B3AB91F6A7BE100901A95 /* RockoUltraFLF-Bold.ttf in Resources */ = {isa = PBXBuildFile; fileRef = 267B3AB51F6A7BE100901A95 /* RockoUltraFLF-Bold.ttf */; };
		267B3ABA1F6A7BE100901A95 /* RockoUltraFLF.ttf in Resources */ = {isa = PBXBuildFile; fileRef = 267B3AB61F6A7BE100901A95 /* RockoUltraFLF.ttf */; };
		2689ABDE1F5E563A008B0658 /* NetworkService.swift in Sources */ = {isa = PBXBuildFile; fileRef = 2689ABDD1F5E563A008B0658 /* NetworkService.swift */; };
		2689ABE01F5E56B0008B0658 /* LoginParam.swift in Sources */ = {isa = PBXBuildFile; fileRef = 2689ABDF1F5E56B0008B0658 /* LoginParam.swift */; };
		269878E51F66269800DA69E6 /* UILabel.swift in Sources */ = {isa = PBXBuildFile; fileRef = 269878E41F66269800DA69E6 /* UILabel.swift */; };
		2698C0D81F677B4200E19355 /* CategoryPresenter.swift in Sources */ = {isa = PBXBuildFile; fileRef = 2698C0D71F677B4200E19355 /* CategoryPresenter.swift */; };
		2698C0DB1F677C9A00E19355 /* CategoryViewController.swift in Sources */ = {isa = PBXBuildFile; fileRef = 2698C0D91F677C9A00E19355 /* CategoryViewController.swift */; };
		2698C0DC1F677C9A00E19355 /* CategoryViewController.xib in Resources */ = {isa = PBXBuildFile; fileRef = 2698C0DA1F677C9A00E19355 /* CategoryViewController.xib */; };
		2698C0E01F677D6E00E19355 /* CategoryTableViewCell.swift in Sources */ = {isa = PBXBuildFile; fileRef = 2698C0DE1F677D6E00E19355 /* CategoryTableViewCell.swift */; };
		2698C0E11F677D6E00E19355 /* CategoryTableViewCell.xib in Resources */ = {isa = PBXBuildFile; fileRef = 2698C0DF1F677D6E00E19355 /* CategoryTableViewCell.xib */; };
		2698C0E51F6782B400E19355 /* CategoryViewControllerExtension.swift in Sources */ = {isa = PBXBuildFile; fileRef = 2698C0E41F6782B400E19355 /* CategoryViewControllerExtension.swift */; };
		269B31B61F68C3B6003AD97C /* CategoryDetailViewController.swift in Sources */ = {isa = PBXBuildFile; fileRef = 269B31B41F68C3B6003AD97C /* CategoryDetailViewController.swift */; };
		269B31B71F68C3B6003AD97C /* CategoryDetailViewController.xib in Resources */ = {isa = PBXBuildFile; fileRef = 269B31B51F68C3B6003AD97C /* CategoryDetailViewController.xib */; };
		269B31BC1F68C5C1003AD97C /* HomeTableViewCell.swift in Sources */ = {isa = PBXBuildFile; fileRef = 269B31BA1F68C5C1003AD97C /* HomeTableViewCell.swift */; };
		269B31BD1F68C5C1003AD97C /* HomeTableViewCell.xib in Resources */ = {isa = PBXBuildFile; fileRef = 269B31BB1F68C5C1003AD97C /* HomeTableViewCell.xib */; };
		269B31BF1F68C6CE003AD97C /* CategoryDetailViewControllerExtension.swift in Sources */ = {isa = PBXBuildFile; fileRef = 269B31BE1F68C6CE003AD97C /* CategoryDetailViewControllerExtension.swift */; };
		269B31C31F68D0F7003AD97C /* CategoryDetailParam.swift in Sources */ = {isa = PBXBuildFile; fileRef = 269B31C21F68D0F7003AD97C /* CategoryDetailParam.swift */; };
		269B31C51F68D2AD003AD97C /* CategoryDetailPresenter.swift in Sources */ = {isa = PBXBuildFile; fileRef = 269B31C41F68D2AD003AD97C /* CategoryDetailPresenter.swift */; };
		269B31C71F68D3E1003AD97C /* CategoryDetailService.swift in Sources */ = {isa = PBXBuildFile; fileRef = 269B31C61F68D3E1003AD97C /* CategoryDetailService.swift */; };
		26A1D3C61F60ECC200E8670F /* ArticleModel.swift in Sources */ = {isa = PBXBuildFile; fileRef = 26A1D3C51F60ECC200E8670F /* ArticleModel.swift */; };
		26A1D3CD1F60F04B00E8670F /* ProfileViewController.swift in Sources */ = {isa = PBXBuildFile; fileRef = 26A1D3CB1F60F04B00E8670F /* ProfileViewController.swift */; };
		26A1D3CE1F60F04B00E8670F /* ProfileViewController.xib in Resources */ = {isa = PBXBuildFile; fileRef = 26A1D3CC1F60F04B00E8670F /* ProfileViewController.xib */; };
		26A1D3DA1F61009200E8670F /* DetailArticleTableViewCell.swift in Sources */ = {isa = PBXBuildFile; fileRef = 26A1D3D81F61009200E8670F /* DetailArticleTableViewCell.swift */; };
		26A1D3DB1F61009200E8670F /* DetailArticleTableViewCell.xib in Resources */ = {isa = PBXBuildFile; fileRef = 26A1D3D91F61009200E8670F /* DetailArticleTableViewCell.xib */; };
		26A6CFD61F6A264200786314 /* ProfileModel.swift in Sources */ = {isa = PBXBuildFile; fileRef = 26A6CFD51F6A264200786314 /* ProfileModel.swift */; };
		26A6CFD81F6A27EB00786314 /* ProfileService.swift in Sources */ = {isa = PBXBuildFile; fileRef = 26A6CFD71F6A27EB00786314 /* ProfileService.swift */; };
		26A6CFDA1F6A28E000786314 /* ProfilePresenter.swift in Sources */ = {isa = PBXBuildFile; fileRef = 26A6CFD91F6A28E000786314 /* ProfilePresenter.swift */; };
		26A6CFDC1F6A29ED00786314 /* ProfileViewControllerExtension.swift in Sources */ = {isa = PBXBuildFile; fileRef = 26A6CFDB1F6A29ED00786314 /* ProfileViewControllerExtension.swift */; };
		26A6CFDE1F6A2D1400786314 /* ProfileParam.swift in Sources */ = {isa = PBXBuildFile; fileRef = 26A6CFDD1F6A2D1400786314 /* ProfileParam.swift */; };
		26ADD94A1F622A8900F67CDF /* HomePresenter.swift in Sources */ = {isa = PBXBuildFile; fileRef = 26ADD9491F622A8900F67CDF /* HomePresenter.swift */; };
		26ADD94C1F62300400F67CDF /* TokenAuth.swift in Sources */ = {isa = PBXBuildFile; fileRef = 26ADD94B1F62300400F67CDF /* TokenAuth.swift */; };
		26B47CBB1F5E395A00CACAD1 /* HomeModel.swift in Sources */ = {isa = PBXBuildFile; fileRef = 26B47C9E1F5E395A00CACAD1 /* HomeModel.swift */; };
		26B47CBC1F5E395A00CACAD1 /* HomeViewController.swift in Sources */ = {isa = PBXBuildFile; fileRef = 26B47CA11F5E395A00CACAD1 /* HomeViewController.swift */; };
		26B47CBD1F5E395A00CACAD1 /* HomeViewController.xib in Resources */ = {isa = PBXBuildFile; fileRef = 26B47CA21F5E395A00CACAD1 /* HomeViewController.xib */; };
		26B47CC21F5E395A00CACAD1 /* Login.swift in Sources */ = {isa = PBXBuildFile; fileRef = 26B47CAB1F5E395A00CACAD1 /* Login.swift */; };
		26B47CC31F5E395A00CACAD1 /* LoginService.swift in Sources */ = {isa = PBXBuildFile; fileRef = 26B47CAC1F5E395A00CACAD1 /* LoginService.swift */; };
		26B47CC41F5E395A00CACAD1 /* LoginPresenter.swift in Sources */ = {isa = PBXBuildFile; fileRef = 26B47CAE1F5E395A00CACAD1 /* LoginPresenter.swift */; };
		26B47CC51F5E395A00CACAD1 /* LoginViewController.swift in Sources */ = {isa = PBXBuildFile; fileRef = 26B47CB01F5E395A00CACAD1 /* LoginViewController.swift */; };
		26B47CC61F5E395A00CACAD1 /* LoginViewController.xib in Resources */ = {isa = PBXBuildFile; fileRef = 26B47CB11F5E395A00CACAD1 /* LoginViewController.xib */; };
		26B47CC71F5E395A00CACAD1 /* LoginViewControllerExtension.swift in Sources */ = {isa = PBXBuildFile; fileRef = 26B47CB21F5E395A00CACAD1 /* LoginViewControllerExtension.swift */; };
		26B47CC81F5E395A00CACAD1 /* RegisterParam.swift in Sources */ = {isa = PBXBuildFile; fileRef = 26B47CB51F5E395A00CACAD1 /* RegisterParam.swift */; };
		26B47CC91F5E395A00CACAD1 /* RegisterPresenter.swift in Sources */ = {isa = PBXBuildFile; fileRef = 26B47CB71F5E395A00CACAD1 /* RegisterPresenter.swift */; };
		26B47CCA1F5E395A00CACAD1 /* RegisterViewController.swift in Sources */ = {isa = PBXBuildFile; fileRef = 26B47CB91F5E395A00CACAD1 /* RegisterViewController.swift */; };
		26B47CCB1F5E395A00CACAD1 /* RegisterViewController.xib in Resources */ = {isa = PBXBuildFile; fileRef = 26B47CBA1F5E395A00CACAD1 /* RegisterViewController.xib */; };
		26B47CCD1F5E484100CACAD1 /* ArticleService.swift in Sources */ = {isa = PBXBuildFile; fileRef = 26B47CCC1F5E484100CACAD1 /* ArticleService.swift */; };
		26B4E3281F64A61100343CAD /* MainViewController.swift in Sources */ = {isa = PBXBuildFile; fileRef = 26B4E3271F64A61100343CAD /* MainViewController.swift */; };
		26BB2F3F1F55054A00944844 /* AppDelegate.swift in Sources */ = {isa = PBXBuildFile; fileRef = 26BB2F3E1F55054A00944844 /* AppDelegate.swift */; };
		26BB2F411F55054A00944844 /* ViewController.swift in Sources */ = {isa = PBXBuildFile; fileRef = 26BB2F401F55054A00944844 /* ViewController.swift */; };
		26BB2F441F55054A00944844 /* Main.storyboard in Resources */ = {isa = PBXBuildFile; fileRef = 26BB2F421F55054A00944844 /* Main.storyboard */; };
		26BB2F461F55054A00944844 /* Assets.xcassets in Resources */ = {isa = PBXBuildFile; fileRef = 26BB2F451F55054A00944844 /* Assets.xcassets */; };
		26BB2F491F55054A00944844 /* LaunchScreen.storyboard in Resources */ = {isa = PBXBuildFile; fileRef = 26BB2F471F55054A00944844 /* LaunchScreen.storyboard */; };
		26BB2F541F55054A00944844 /* DreamCacherTests.swift in Sources */ = {isa = PBXBuildFile; fileRef = 26BB2F531F55054A00944844 /* DreamCacherTests.swift */; };
		26BB2F5F1F55054A00944844 /* DreamCacherUITests.swift in Sources */ = {isa = PBXBuildFile; fileRef = 26BB2F5E1F55054A00944844 /* DreamCacherUITests.swift */; };
		26C423781F6600DC001F8521 /* DetailArticleViewController.swift in Sources */ = {isa = PBXBuildFile; fileRef = 26C423761F6600DC001F8521 /* DetailArticleViewController.swift */; };
		26C423791F6600DC001F8521 /* DetailArticleViewController.xib in Resources */ = {isa = PBXBuildFile; fileRef = 26C423771F6600DC001F8521 /* DetailArticleViewController.xib */; };
		26C802481F658D67003FBBBA /* Date.swift in Sources */ = {isa = PBXBuildFile; fileRef = 26C802471F658D67003FBBBA /* Date.swift */; };
		26C8024A1F65A5B0003FBBBA /* UIImage.swift in Sources */ = {isa = PBXBuildFile; fileRef = 26C802491F65A5B0003FBBBA /* UIImage.swift */; };
		26C8024C1F65A94B003FBBBA /* InterestCache.swift in Sources */ = {isa = PBXBuildFile; fileRef = 26C8024B1F65A94B003FBBBA /* InterestCache.swift */; };
		26CAA6D31F5A514800DE4AC6 /* OFL.txt in Resources */ = {isa = PBXBuildFile; fileRef = 26CAA6CC1F5A514800DE4AC6 /* OFL.txt */; };
		26CAA6D41F5A514800DE4AC6 /* Oswald-Bold.ttf in Resources */ = {isa = PBXBuildFile; fileRef = 26CAA6CD1F5A514800DE4AC6 /* Oswald-Bold.ttf */; };
		26CAA6D51F5A514800DE4AC6 /* Oswald-ExtraLight.ttf in Resources */ = {isa = PBXBuildFile; fileRef = 26CAA6CE1F5A514800DE4AC6 /* Oswald-ExtraLight.ttf */; };
		26CAA6D61F5A514800DE4AC6 /* Oswald-Light.ttf in Resources */ = {isa = PBXBuildFile; fileRef = 26CAA6CF1F5A514800DE4AC6 /* Oswald-Light.ttf */; };
		26CAA6D71F5A514800DE4AC6 /* Oswald-Medium.ttf in Resources */ = {isa = PBXBuildFile; fileRef = 26CAA6D01F5A514800DE4AC6 /* Oswald-Medium.ttf */; };
		26CAA6D81F5A514800DE4AC6 /* Oswald-Regular.ttf in Resources */ = {isa = PBXBuildFile; fileRef = 26CAA6D11F5A514800DE4AC6 /* Oswald-Regular.ttf */; };
		26CAA6D91F5A514800DE4AC6 /* Oswald-SemiBold.ttf in Resources */ = {isa = PBXBuildFile; fileRef = 26CAA6D21F5A514800DE4AC6 /* Oswald-SemiBold.ttf */; };
		26E011EB1F62C261007058F5 /* HomeViewControllerExtension.swift in Sources */ = {isa = PBXBuildFile; fileRef = 26E011EA1F62C261007058F5 /* HomeViewControllerExtension.swift */; };
		26E011F31F62E277007058F5 /* InterestViewController.swift in Sources */ = {isa = PBXBuildFile; fileRef = 26E011F11F62E277007058F5 /* InterestViewController.swift */; };
		26E011F41F62E277007058F5 /* InterestViewController.xib in Resources */ = {isa = PBXBuildFile; fileRef = 26E011F21F62E277007058F5 /* InterestViewController.xib */; };
		26E011F81F62E2A1007058F5 /* InterestTableViewCell.swift in Sources */ = {isa = PBXBuildFile; fileRef = 26E011F61F62E2A1007058F5 /* InterestTableViewCell.swift */; };
		26E011F91F62E2A1007058F5 /* InterestTableViewCell.xib in Resources */ = {isa = PBXBuildFile; fileRef = 26E011F71F62E2A1007058F5 /* InterestTableViewCell.xib */; };
		26EDE6BB1F63D8D400F6026F /* InterestModel.swift in Sources */ = {isa = PBXBuildFile; fileRef = 26EDE6BA1F63D8D400F6026F /* InterestModel.swift */; };
		26EDE6BD1F63E06D00F6026F /* InterestItemModel.swift in Sources */ = {isa = PBXBuildFile; fileRef = 26EDE6BC1F63E06D00F6026F /* InterestItemModel.swift */; };
		26EDE6BF1F63E1B000F6026F /* InterestService.swift in Sources */ = {isa = PBXBuildFile; fileRef = 26EDE6BE1F63E1B000F6026F /* InterestService.swift */; };
		26EDE6C11F63E69800F6026F /* InterestPresenter.swift in Sources */ = {isa = PBXBuildFile; fileRef = 26EDE6C01F63E69800F6026F /* InterestPresenter.swift */; };
		26EDE6C31F63E89D00F6026F /* InterestViewControllerExtension.swift in Sources */ = {isa = PBXBuildFile; fileRef = 26EDE6C21F63E89D00F6026F /* InterestViewControllerExtension.swift */; };
		49873FECB31824906CEB18CB /* Pods_DreamCacherUITests.framework in Frameworks */ = {isa = PBXBuildFile; fileRef = E5E9905B3B44BAEA34159D6E /* Pods_DreamCacherUITests.framework */; };
		548DA214FE15B6AE1353B4F5 /* Pods_DreamCacher.framework in Frameworks */ = {isa = PBXBuildFile; fileRef = 0C11CD1F375E5C6B811A03DE /* Pods_DreamCacher.framework */; };
		58A6A929FF4EA33798112CFD /* Pods_DreamCacherTests.framework in Frameworks */ = {isa = PBXBuildFile; fileRef = 3FB715A2E8A6375A9F3F6B5F /* Pods_DreamCacherTests.framework */; };
/* End PBXBuildFile section */

/* Begin PBXContainerItemProxy section */
		26BB2F501F55054A00944844 /* PBXContainerItemProxy */ = {
			isa = PBXContainerItemProxy;
			containerPortal = 26BB2F331F55054A00944844 /* Project object */;
			proxyType = 1;
			remoteGlobalIDString = 26BB2F3A1F55054A00944844;
			remoteInfo = DreamCacher;
		};
		26BB2F5B1F55054A00944844 /* PBXContainerItemProxy */ = {
			isa = PBXContainerItemProxy;
			containerPortal = 26BB2F331F55054A00944844 /* Project object */;
			proxyType = 1;
			remoteGlobalIDString = 26BB2F3A1F55054A00944844;
			remoteInfo = DreamCacher;
		};
/* End PBXContainerItemProxy section */

/* Begin PBXFileReference section */
		0C11CD1F375E5C6B811A03DE /* Pods_DreamCacher.framework */ = {isa = PBXFileReference; explicitFileType = wrapper.framework; includeInIndex = 0; path = Pods_DreamCacher.framework; sourceTree = BUILT_PRODUCTS_DIR; };
		2631E16B1F5E7DE900D3AA72 /* Register.swift */ = {isa = PBXFileReference; fileEncoding = 4; lastKnownFileType = sourcecode.swift; path = Register.swift; sourceTree = "<group>"; };
		2631E16D1F5E81F700D3AA72 /* RegisterService.swift */ = {isa = PBXFileReference; fileEncoding = 4; lastKnownFileType = sourcecode.swift; path = RegisterService.swift; sourceTree = "<group>"; };
		2631E16F1F5E84BE00D3AA72 /* RegisterViewControllerExtension.swift */ = {isa = PBXFileReference; fileEncoding = 4; lastKnownFileType = sourcecode.swift; path = RegisterViewControllerExtension.swift; sourceTree = "<group>"; };
		2631E1721F5E85C100D3AA72 /* String.swift */ = {isa = PBXFileReference; fileEncoding = 4; lastKnownFileType = sourcecode.swift; path = String.swift; sourceTree = "<group>"; };
		26442B531F5BA9E000542790 /* ColorTheme.swift */ = {isa = PBXFileReference; fileEncoding = 4; lastKnownFileType = sourcecode.swift; path = ColorTheme.swift; sourceTree = "<group>"; };
		26442B561F5BAB9800542790 /* JustAnotherHand-Regular.ttf */ = {isa = PBXFileReference; lastKnownFileType = file; path = "JustAnotherHand-Regular.ttf"; sourceTree = "<group>"; };
		26442B571F5BAB9800542790 /* LICENSE.txt */ = {isa = PBXFileReference; fileEncoding = 4; lastKnownFileType = text; path = LICENSE.txt; sourceTree = "<group>"; };
		267B3AAE1F6A79A900901A95 /* Lobster-Regular.ttf */ = {isa = PBXFileReference; lastKnownFileType = file; path = "Lobster-Regular.ttf"; sourceTree = "<group>"; };
		267B3AAF1F6A79A900901A95 /* OFL.txt */ = {isa = PBXFileReference; fileEncoding = 4; lastKnownFileType = text; path = OFL.txt; sourceTree = "<group>"; };
		267B3AB31F6A7BE100901A95 /* RockoFLF-Bold.ttf */ = {isa = PBXFileReference; lastKnownFileType = file; path = "RockoFLF-Bold.ttf"; sourceTree = "<group>"; };
		267B3AB41F6A7BE100901A95 /* RockoFLF.ttf */ = {isa = PBXFileReference; lastKnownFileType = file; path = RockoFLF.ttf; sourceTree = "<group>"; };
		267B3AB51F6A7BE100901A95 /* RockoUltraFLF-Bold.ttf */ = {isa = PBXFileReference; lastKnownFileType = file; path = "RockoUltraFLF-Bold.ttf"; sourceTree = "<group>"; };
		267B3AB61F6A7BE100901A95 /* RockoUltraFLF.ttf */ = {isa = PBXFileReference; lastKnownFileType = file; path = RockoUltraFLF.ttf; sourceTree = "<group>"; };
		2689ABDD1F5E563A008B0658 /* NetworkService.swift */ = {isa = PBXFileReference; fileEncoding = 4; lastKnownFileType = sourcecode.swift; path = NetworkService.swift; sourceTree = "<group>"; };
		2689ABDF1F5E56B0008B0658 /* LoginParam.swift */ = {isa = PBXFileReference; fileEncoding = 4; lastKnownFileType = sourcecode.swift; path = LoginParam.swift; sourceTree = "<group>"; };
		269878E41F66269800DA69E6 /* UILabel.swift */ = {isa = PBXFileReference; fileEncoding = 4; lastKnownFileType = sourcecode.swift; path = UILabel.swift; sourceTree = "<group>"; };
		2698C0D71F677B4200E19355 /* CategoryPresenter.swift */ = {isa = PBXFileReference; fileEncoding = 4; lastKnownFileType = sourcecode.swift; path = CategoryPresenter.swift; sourceTree = "<group>"; };
		2698C0D91F677C9A00E19355 /* CategoryViewController.swift */ = {isa = PBXFileReference; fileEncoding = 4; lastKnownFileType = sourcecode.swift; path = CategoryViewController.swift; sourceTree = "<group>"; };
		2698C0DA1F677C9A00E19355 /* CategoryViewController.xib */ = {isa = PBXFileReference; fileEncoding = 4; lastKnownFileType = file.xib; path = CategoryViewController.xib; sourceTree = "<group>"; };
		2698C0DE1F677D6E00E19355 /* CategoryTableViewCell.swift */ = {isa = PBXFileReference; fileEncoding = 4; lastKnownFileType = sourcecode.swift; path = CategoryTableViewCell.swift; sourceTree = "<group>"; };
		2698C0DF1F677D6E00E19355 /* CategoryTableViewCell.xib */ = {isa = PBXFileReference; fileEncoding = 4; lastKnownFileType = file.xib; path = CategoryTableViewCell.xib; sourceTree = "<group>"; };
		2698C0E41F6782B400E19355 /* CategoryViewControllerExtension.swift */ = {isa = PBXFileReference; fileEncoding = 4; lastKnownFileType = sourcecode.swift; path = CategoryViewControllerExtension.swift; sourceTree = "<group>"; };
		269B31B41F68C3B6003AD97C /* CategoryDetailViewController.swift */ = {isa = PBXFileReference; fileEncoding = 4; lastKnownFileType = sourcecode.swift; path = CategoryDetailViewController.swift; sourceTree = "<group>"; };
		269B31B51F68C3B6003AD97C /* CategoryDetailViewController.xib */ = {isa = PBXFileReference; fileEncoding = 4; lastKnownFileType = file.xib; path = CategoryDetailViewController.xib; sourceTree = "<group>"; };
		269B31BA1F68C5C1003AD97C /* HomeTableViewCell.swift */ = {isa = PBXFileReference; fileEncoding = 4; lastKnownFileType = sourcecode.swift; path = HomeTableViewCell.swift; sourceTree = "<group>"; };
		269B31BB1F68C5C1003AD97C /* HomeTableViewCell.xib */ = {isa = PBXFileReference; fileEncoding = 4; lastKnownFileType = file.xib; path = HomeTableViewCell.xib; sourceTree = "<group>"; };
		269B31BE1F68C6CE003AD97C /* CategoryDetailViewControllerExtension.swift */ = {isa = PBXFileReference; fileEncoding = 4; lastKnownFileType = sourcecode.swift; path = CategoryDetailViewControllerExtension.swift; sourceTree = "<group>"; };
		269B31C21F68D0F7003AD97C /* CategoryDetailParam.swift */ = {isa = PBXFileReference; fileEncoding = 4; lastKnownFileType = sourcecode.swift; path = CategoryDetailParam.swift; sourceTree = "<group>"; };
		269B31C41F68D2AD003AD97C /* CategoryDetailPresenter.swift */ = {isa = PBXFileReference; fileEncoding = 4; lastKnownFileType = sourcecode.swift; path = CategoryDetailPresenter.swift; sourceTree = "<group>"; };
		269B31C61F68D3E1003AD97C /* CategoryDetailService.swift */ = {isa = PBXFileReference; fileEncoding = 4; lastKnownFileType = sourcecode.swift; path = CategoryDetailService.swift; sourceTree = "<group>"; };
		26A1D3C51F60ECC200E8670F /* ArticleModel.swift */ = {isa = PBXFileReference; fileEncoding = 4; lastKnownFileType = sourcecode.swift; path = ArticleModel.swift; sourceTree = "<group>"; };
		26A1D3CB1F60F04B00E8670F /* ProfileViewController.swift */ = {isa = PBXFileReference; fileEncoding = 4; lastKnownFileType = sourcecode.swift; path = ProfileViewController.swift; sourceTree = "<group>"; };
		26A1D3CC1F60F04B00E8670F /* ProfileViewController.xib */ = {isa = PBXFileReference; fileEncoding = 4; lastKnownFileType = file.xib; path = ProfileViewController.xib; sourceTree = "<group>"; };
		26A1D3D81F61009200E8670F /* DetailArticleTableViewCell.swift */ = {isa = PBXFileReference; fileEncoding = 4; lastKnownFileType = sourcecode.swift; path = DetailArticleTableViewCell.swift; sourceTree = "<group>"; };
		26A1D3D91F61009200E8670F /* DetailArticleTableViewCell.xib */ = {isa = PBXFileReference; fileEncoding = 4; lastKnownFileType = file.xib; path = DetailArticleTableViewCell.xib; sourceTree = "<group>"; };
		26A6CFD51F6A264200786314 /* ProfileModel.swift */ = {isa = PBXFileReference; fileEncoding = 4; lastKnownFileType = sourcecode.swift; path = ProfileModel.swift; sourceTree = "<group>"; };
		26A6CFD71F6A27EB00786314 /* ProfileService.swift */ = {isa = PBXFileReference; fileEncoding = 4; lastKnownFileType = sourcecode.swift; path = ProfileService.swift; sourceTree = "<group>"; };
		26A6CFD91F6A28E000786314 /* ProfilePresenter.swift */ = {isa = PBXFileReference; fileEncoding = 4; lastKnownFileType = sourcecode.swift; path = ProfilePresenter.swift; sourceTree = "<group>"; };
		26A6CFDB1F6A29ED00786314 /* ProfileViewControllerExtension.swift */ = {isa = PBXFileReference; fileEncoding = 4; lastKnownFileType = sourcecode.swift; path = ProfileViewControllerExtension.swift; sourceTree = "<group>"; };
		26A6CFDD1F6A2D1400786314 /* ProfileParam.swift */ = {isa = PBXFileReference; fileEncoding = 4; lastKnownFileType = sourcecode.swift; path = ProfileParam.swift; sourceTree = "<group>"; };
		26ADD9491F622A8900F67CDF /* HomePresenter.swift */ = {isa = PBXFileReference; fileEncoding = 4; lastKnownFileType = sourcecode.swift; path = HomePresenter.swift; sourceTree = "<group>"; };
		26ADD94B1F62300400F67CDF /* TokenAuth.swift */ = {isa = PBXFileReference; fileEncoding = 4; lastKnownFileType = sourcecode.swift; path = TokenAuth.swift; sourceTree = "<group>"; };
		26B47C9E1F5E395A00CACAD1 /* HomeModel.swift */ = {isa = PBXFileReference; fileEncoding = 4; lastKnownFileType = sourcecode.swift; path = HomeModel.swift; sourceTree = "<group>"; };
		26B47CA11F5E395A00CACAD1 /* HomeViewController.swift */ = {isa = PBXFileReference; fileEncoding = 4; lastKnownFileType = sourcecode.swift; path = HomeViewController.swift; sourceTree = "<group>"; };
		26B47CA21F5E395A00CACAD1 /* HomeViewController.xib */ = {isa = PBXFileReference; fileEncoding = 4; lastKnownFileType = file.xib; path = HomeViewController.xib; sourceTree = "<group>"; };
		26B47CAB1F5E395A00CACAD1 /* Login.swift */ = {isa = PBXFileReference; fileEncoding = 4; lastKnownFileType = sourcecode.swift; path = Login.swift; sourceTree = "<group>"; };
		26B47CAC1F5E395A00CACAD1 /* LoginService.swift */ = {isa = PBXFileReference; fileEncoding = 4; lastKnownFileType = sourcecode.swift; path = LoginService.swift; sourceTree = "<group>"; };
		26B47CAE1F5E395A00CACAD1 /* LoginPresenter.swift */ = {isa = PBXFileReference; fileEncoding = 4; lastKnownFileType = sourcecode.swift; path = LoginPresenter.swift; sourceTree = "<group>"; };
		26B47CB01F5E395A00CACAD1 /* LoginViewController.swift */ = {isa = PBXFileReference; fileEncoding = 4; lastKnownFileType = sourcecode.swift; path = LoginViewController.swift; sourceTree = "<group>"; };
		26B47CB11F5E395A00CACAD1 /* LoginViewController.xib */ = {isa = PBXFileReference; fileEncoding = 4; lastKnownFileType = file.xib; path = LoginViewController.xib; sourceTree = "<group>"; };
		26B47CB21F5E395A00CACAD1 /* LoginViewControllerExtension.swift */ = {isa = PBXFileReference; fileEncoding = 4; lastKnownFileType = sourcecode.swift; path = LoginViewControllerExtension.swift; sourceTree = "<group>"; };
		26B47CB51F5E395A00CACAD1 /* RegisterParam.swift */ = {isa = PBXFileReference; fileEncoding = 4; lastKnownFileType = sourcecode.swift; path = RegisterParam.swift; sourceTree = "<group>"; };
		26B47CB71F5E395A00CACAD1 /* RegisterPresenter.swift */ = {isa = PBXFileReference; fileEncoding = 4; lastKnownFileType = sourcecode.swift; path = RegisterPresenter.swift; sourceTree = "<group>"; };
		26B47CB91F5E395A00CACAD1 /* RegisterViewController.swift */ = {isa = PBXFileReference; fileEncoding = 4; lastKnownFileType = sourcecode.swift; path = RegisterViewController.swift; sourceTree = "<group>"; };
		26B47CBA1F5E395A00CACAD1 /* RegisterViewController.xib */ = {isa = PBXFileReference; fileEncoding = 4; lastKnownFileType = file.xib; path = RegisterViewController.xib; sourceTree = "<group>"; };
		26B47CCC1F5E484100CACAD1 /* ArticleService.swift */ = {isa = PBXFileReference; fileEncoding = 4; lastKnownFileType = sourcecode.swift; path = ArticleService.swift; sourceTree = "<group>"; };
		26B4E3271F64A61100343CAD /* MainViewController.swift */ = {isa = PBXFileReference; fileEncoding = 4; lastKnownFileType = sourcecode.swift; path = MainViewController.swift; sourceTree = "<group>"; };
		26BB2F3B1F55054A00944844 /* DreamCacher.app */ = {isa = PBXFileReference; explicitFileType = wrapper.application; includeInIndex = 0; path = DreamCacher.app; sourceTree = BUILT_PRODUCTS_DIR; };
		26BB2F3E1F55054A00944844 /* AppDelegate.swift */ = {isa = PBXFileReference; lastKnownFileType = sourcecode.swift; path = AppDelegate.swift; sourceTree = "<group>"; };
		26BB2F401F55054A00944844 /* ViewController.swift */ = {isa = PBXFileReference; lastKnownFileType = sourcecode.swift; path = ViewController.swift; sourceTree = "<group>"; };
		26BB2F431F55054A00944844 /* Base */ = {isa = PBXFileReference; lastKnownFileType = file.storyboard; name = Base; path = Base.lproj/Main.storyboard; sourceTree = "<group>"; };
		26BB2F451F55054A00944844 /* Assets.xcassets */ = {isa = PBXFileReference; lastKnownFileType = folder.assetcatalog; path = Assets.xcassets; sourceTree = "<group>"; };
		26BB2F481F55054A00944844 /* Base */ = {isa = PBXFileReference; lastKnownFileType = file.storyboard; name = Base; path = Base.lproj/LaunchScreen.storyboard; sourceTree = "<group>"; };
		26BB2F4A1F55054A00944844 /* Info.plist */ = {isa = PBXFileReference; lastKnownFileType = text.plist.xml; path = Info.plist; sourceTree = "<group>"; };
		26BB2F4F1F55054A00944844 /* DreamCacherTests.xctest */ = {isa = PBXFileReference; explicitFileType = wrapper.cfbundle; includeInIndex = 0; path = DreamCacherTests.xctest; sourceTree = BUILT_PRODUCTS_DIR; };
		26BB2F531F55054A00944844 /* DreamCacherTests.swift */ = {isa = PBXFileReference; lastKnownFileType = sourcecode.swift; path = DreamCacherTests.swift; sourceTree = "<group>"; };
		26BB2F551F55054A00944844 /* Info.plist */ = {isa = PBXFileReference; lastKnownFileType = text.plist.xml; path = Info.plist; sourceTree = "<group>"; };
		26BB2F5A1F55054A00944844 /* DreamCacherUITests.xctest */ = {isa = PBXFileReference; explicitFileType = wrapper.cfbundle; includeInIndex = 0; path = DreamCacherUITests.xctest; sourceTree = BUILT_PRODUCTS_DIR; };
		26BB2F5E1F55054A00944844 /* DreamCacherUITests.swift */ = {isa = PBXFileReference; lastKnownFileType = sourcecode.swift; path = DreamCacherUITests.swift; sourceTree = "<group>"; };
		26BB2F601F55054A00944844 /* Info.plist */ = {isa = PBXFileReference; lastKnownFileType = text.plist.xml; path = Info.plist; sourceTree = "<group>"; };
		26C423761F6600DC001F8521 /* DetailArticleViewController.swift */ = {isa = PBXFileReference; fileEncoding = 4; lastKnownFileType = sourcecode.swift; path = DetailArticleViewController.swift; sourceTree = "<group>"; };
		26C423771F6600DC001F8521 /* DetailArticleViewController.xib */ = {isa = PBXFileReference; fileEncoding = 4; lastKnownFileType = file.xib; path = DetailArticleViewController.xib; sourceTree = "<group>"; };
		26C802471F658D67003FBBBA /* Date.swift */ = {isa = PBXFileReference; fileEncoding = 4; lastKnownFileType = sourcecode.swift; path = Date.swift; sourceTree = "<group>"; };
		26C802491F65A5B0003FBBBA /* UIImage.swift */ = {isa = PBXFileReference; fileEncoding = 4; lastKnownFileType = sourcecode.swift; path = UIImage.swift; sourceTree = "<group>"; };
		26C8024B1F65A94B003FBBBA /* InterestCache.swift */ = {isa = PBXFileReference; fileEncoding = 4; lastKnownFileType = sourcecode.swift; path = InterestCache.swift; sourceTree = "<group>"; };
		26CAA6CC1F5A514800DE4AC6 /* OFL.txt */ = {isa = PBXFileReference; fileEncoding = 4; lastKnownFileType = text; path = OFL.txt; sourceTree = "<group>"; };
		26CAA6CD1F5A514800DE4AC6 /* Oswald-Bold.ttf */ = {isa = PBXFileReference; lastKnownFileType = file; path = "Oswald-Bold.ttf"; sourceTree = "<group>"; };
		26CAA6CE1F5A514800DE4AC6 /* Oswald-ExtraLight.ttf */ = {isa = PBXFileReference; lastKnownFileType = file; path = "Oswald-ExtraLight.ttf"; sourceTree = "<group>"; };
		26CAA6CF1F5A514800DE4AC6 /* Oswald-Light.ttf */ = {isa = PBXFileReference; lastKnownFileType = file; path = "Oswald-Light.ttf"; sourceTree = "<group>"; };
		26CAA6D01F5A514800DE4AC6 /* Oswald-Medium.ttf */ = {isa = PBXFileReference; lastKnownFileType = file; path = "Oswald-Medium.ttf"; sourceTree = "<group>"; };
		26CAA6D11F5A514800DE4AC6 /* Oswald-Regular.ttf */ = {isa = PBXFileReference; lastKnownFileType = file; path = "Oswald-Regular.ttf"; sourceTree = "<group>"; };
		26CAA6D21F5A514800DE4AC6 /* Oswald-SemiBold.ttf */ = {isa = PBXFileReference; lastKnownFileType = file; path = "Oswald-SemiBold.ttf"; sourceTree = "<group>"; };
		26E011EA1F62C261007058F5 /* HomeViewControllerExtension.swift */ = {isa = PBXFileReference; fileEncoding = 4; lastKnownFileType = sourcecode.swift; path = HomeViewControllerExtension.swift; sourceTree = "<group>"; };
		26E011F11F62E277007058F5 /* InterestViewController.swift */ = {isa = PBXFileReference; fileEncoding = 4; lastKnownFileType = sourcecode.swift; path = InterestViewController.swift; sourceTree = "<group>"; };
		26E011F21F62E277007058F5 /* InterestViewController.xib */ = {isa = PBXFileReference; fileEncoding = 4; lastKnownFileType = file.xib; path = InterestViewController.xib; sourceTree = "<group>"; };
		26E011F61F62E2A1007058F5 /* InterestTableViewCell.swift */ = {isa = PBXFileReference; fileEncoding = 4; lastKnownFileType = sourcecode.swift; path = InterestTableViewCell.swift; sourceTree = "<group>"; };
		26E011F71F62E2A1007058F5 /* InterestTableViewCell.xib */ = {isa = PBXFileReference; fileEncoding = 4; lastKnownFileType = file.xib; path = InterestTableViewCell.xib; sourceTree = "<group>"; };
		26EDE6BA1F63D8D400F6026F /* InterestModel.swift */ = {isa = PBXFileReference; fileEncoding = 4; lastKnownFileType = sourcecode.swift; path = InterestModel.swift; sourceTree = "<group>"; };
		26EDE6BC1F63E06D00F6026F /* InterestItemModel.swift */ = {isa = PBXFileReference; fileEncoding = 4; lastKnownFileType = sourcecode.swift; path = InterestItemModel.swift; sourceTree = "<group>"; };
		26EDE6BE1F63E1B000F6026F /* InterestService.swift */ = {isa = PBXFileReference; fileEncoding = 4; lastKnownFileType = sourcecode.swift; path = InterestService.swift; sourceTree = "<group>"; };
		26EDE6C01F63E69800F6026F /* InterestPresenter.swift */ = {isa = PBXFileReference; fileEncoding = 4; lastKnownFileType = sourcecode.swift; path = InterestPresenter.swift; sourceTree = "<group>"; };
		26EDE6C21F63E89D00F6026F /* InterestViewControllerExtension.swift */ = {isa = PBXFileReference; fileEncoding = 4; lastKnownFileType = sourcecode.swift; path = InterestViewControllerExtension.swift; sourceTree = "<group>"; };
		3FB715A2E8A6375A9F3F6B5F /* Pods_DreamCacherTests.framework */ = {isa = PBXFileReference; explicitFileType = wrapper.framework; includeInIndex = 0; path = Pods_DreamCacherTests.framework; sourceTree = BUILT_PRODUCTS_DIR; };
		552869B9D08D4772F647B3E0 /* Pods-DreamCacher.release.xcconfig */ = {isa = PBXFileReference; includeInIndex = 1; lastKnownFileType = text.xcconfig; name = "Pods-DreamCacher.release.xcconfig"; path = "Pods/Target Support Files/Pods-DreamCacher/Pods-DreamCacher.release.xcconfig"; sourceTree = "<group>"; };
		5625584A1FA78CC6AC6F5462 /* Pods-DreamCacherTests.debug.xcconfig */ = {isa = PBXFileReference; includeInIndex = 1; lastKnownFileType = text.xcconfig; name = "Pods-DreamCacherTests.debug.xcconfig"; path = "Pods/Target Support Files/Pods-DreamCacherTests/Pods-DreamCacherTests.debug.xcconfig"; sourceTree = "<group>"; };
		849C6A87FCD474FC019FC53D /* Pods-DreamCacherUITests.debug.xcconfig */ = {isa = PBXFileReference; includeInIndex = 1; lastKnownFileType = text.xcconfig; name = "Pods-DreamCacherUITests.debug.xcconfig"; path = "Pods/Target Support Files/Pods-DreamCacherUITests/Pods-DreamCacherUITests.debug.xcconfig"; sourceTree = "<group>"; };
		9D62FEEF953C407C947CFEBC /* Pods-DreamCacher.debug.xcconfig */ = {isa = PBXFileReference; includeInIndex = 1; lastKnownFileType = text.xcconfig; name = "Pods-DreamCacher.debug.xcconfig"; path = "Pods/Target Support Files/Pods-DreamCacher/Pods-DreamCacher.debug.xcconfig"; sourceTree = "<group>"; };
		E5E9905B3B44BAEA34159D6E /* Pods_DreamCacherUITests.framework */ = {isa = PBXFileReference; explicitFileType = wrapper.framework; includeInIndex = 0; path = Pods_DreamCacherUITests.framework; sourceTree = BUILT_PRODUCTS_DIR; };
		EF200C81E0FE0C8243585D14 /* Pods-DreamCacherTests.release.xcconfig */ = {isa = PBXFileReference; includeInIndex = 1; lastKnownFileType = text.xcconfig; name = "Pods-DreamCacherTests.release.xcconfig"; path = "Pods/Target Support Files/Pods-DreamCacherTests/Pods-DreamCacherTests.release.xcconfig"; sourceTree = "<group>"; };
		F0B052D917B8FF7F363E440F /* Pods-DreamCacherUITests.release.xcconfig */ = {isa = PBXFileReference; includeInIndex = 1; lastKnownFileType = text.xcconfig; name = "Pods-DreamCacherUITests.release.xcconfig"; path = "Pods/Target Support Files/Pods-DreamCacherUITests/Pods-DreamCacherUITests.release.xcconfig"; sourceTree = "<group>"; };
/* End PBXFileReference section */

/* Begin PBXFrameworksBuildPhase section */
		26BB2F381F55054A00944844 /* Frameworks */ = {
			isa = PBXFrameworksBuildPhase;
			buildActionMask = 2147483647;
			files = (
				548DA214FE15B6AE1353B4F5 /* Pods_DreamCacher.framework in Frameworks */,
			);
			runOnlyForDeploymentPostprocessing = 0;
		};
		26BB2F4C1F55054A00944844 /* Frameworks */ = {
			isa = PBXFrameworksBuildPhase;
			buildActionMask = 2147483647;
			files = (
				58A6A929FF4EA33798112CFD /* Pods_DreamCacherTests.framework in Frameworks */,
			);
			runOnlyForDeploymentPostprocessing = 0;
		};
		26BB2F571F55054A00944844 /* Frameworks */ = {
			isa = PBXFrameworksBuildPhase;
			buildActionMask = 2147483647;
			files = (
				49873FECB31824906CEB18CB /* Pods_DreamCacherUITests.framework in Frameworks */,
			);
			runOnlyForDeploymentPostprocessing = 0;
		};
/* End PBXFrameworksBuildPhase section */

/* Begin PBXGroup section */
		0D12971EC85296CC0CF9F05A /* Pods */ = {
			isa = PBXGroup;
			children = (
				9D62FEEF953C407C947CFEBC /* Pods-DreamCacher.debug.xcconfig */,
				552869B9D08D4772F647B3E0 /* Pods-DreamCacher.release.xcconfig */,
				5625584A1FA78CC6AC6F5462 /* Pods-DreamCacherTests.debug.xcconfig */,
				EF200C81E0FE0C8243585D14 /* Pods-DreamCacherTests.release.xcconfig */,
				849C6A87FCD474FC019FC53D /* Pods-DreamCacherUITests.debug.xcconfig */,
				F0B052D917B8FF7F363E440F /* Pods-DreamCacherUITests.release.xcconfig */,
			);
			name = Pods;
			sourceTree = "<group>";
		};
		2631E1711F5E85AB00D3AA72 /* Extension */ = {
			isa = PBXGroup;
			children = (
				2631E1721F5E85C100D3AA72 /* String.swift */,
				26C802471F658D67003FBBBA /* Date.swift */,
				26C802491F65A5B0003FBBBA /* UIImage.swift */,
				269878E41F66269800DA69E6 /* UILabel.swift */,
			);
			path = Extension;
			sourceTree = "<group>";
		};
		26442B551F5BAB9800542790 /* JustAnotherHand */ = {
			isa = PBXGroup;
			children = (
				26442B561F5BAB9800542790 /* JustAnotherHand-Regular.ttf */,
				26442B571F5BAB9800542790 /* LICENSE.txt */,
			);
			path = JustAnotherHand;
			sourceTree = "<group>";
		};
		267B3AAD1F6A79A900901A95 /* Lobster */ = {
			isa = PBXGroup;
			children = (
				267B3AAE1F6A79A900901A95 /* Lobster-Regular.ttf */,
				267B3AAF1F6A79A900901A95 /* OFL.txt */,
			);
			name = Lobster;
			path = Oswald/Lobster;
			sourceTree = "<group>";
		};
		267B3AB21F6A7BE100901A95 /* Rocko */ = {
			isa = PBXGroup;
			children = (
				267B3AB31F6A7BE100901A95 /* RockoFLF-Bold.ttf */,
				267B3AB41F6A7BE100901A95 /* RockoFLF.ttf */,
				267B3AB51F6A7BE100901A95 /* RockoUltraFLF-Bold.ttf */,
				267B3AB61F6A7BE100901A95 /* RockoUltraFLF.ttf */,
			);
			name = Rocko;
			path = ../Rocko;
			sourceTree = "<group>";
		};
		2689ABDC1F5E5559008B0658 /* Networking */ = {
			isa = PBXGroup;
			children = (
				2689ABDD1F5E563A008B0658 /* NetworkService.swift */,
			);
			path = Networking;
			sourceTree = "<group>";
		};
		2692B4AE1F571B840044DE79 /* Resource */ = {
			isa = PBXGroup;
			children = (
				2692B4AF1F571B840044DE79 /* Font */,
				26442B531F5BA9E000542790 /* ColorTheme.swift */,
			);
			path = Resource;
			sourceTree = "<group>";
		};
		2692B4AF1F571B840044DE79 /* Font */ = {
			isa = PBXGroup;
			children = (
				26442B551F5BAB9800542790 /* JustAnotherHand */,
				26CAA6CB1F5A514800DE4AC6 /* Oswald */,
				267B3AAD1F6A79A900901A95 /* Lobster */,
				267B3AB21F6A7BE100901A95 /* Rocko */,
			);
			path = Font;
			sourceTree = "<group>";
		};
		2698C0D31F677AD800E19355 /* Category */ = {
			isa = PBXGroup;
			children = (
				2698C0D41F677AD800E19355 /* Model */,
				2698C0D51F677AD800E19355 /* Presenter */,
				2698C0D61F677AD800E19355 /* View */,
			);
			path = Category;
			sourceTree = "<group>";
		};
		2698C0D41F677AD800E19355 /* Model */ = {
			isa = PBXGroup;
			children = (
			);
			path = Model;
			sourceTree = "<group>";
		};
		2698C0D51F677AD800E19355 /* Presenter */ = {
			isa = PBXGroup;
			children = (
				2698C0D71F677B4200E19355 /* CategoryPresenter.swift */,
			);
			path = Presenter;
			sourceTree = "<group>";
		};
		2698C0D61F677AD800E19355 /* View */ = {
			isa = PBXGroup;
			children = (
				2698C0DD1F677D5900E19355 /* TableViewCell */,
				2698C0D91F677C9A00E19355 /* CategoryViewController.swift */,
				2698C0DA1F677C9A00E19355 /* CategoryViewController.xib */,
				2698C0E41F6782B400E19355 /* CategoryViewControllerExtension.swift */,
			);
			path = View;
			sourceTree = "<group>";
		};
		2698C0DD1F677D5900E19355 /* TableViewCell */ = {
			isa = PBXGroup;
			children = (
				2698C0DE1F677D6E00E19355 /* CategoryTableViewCell.swift */,
				2698C0DF1F677D6E00E19355 /* CategoryTableViewCell.xib */,
			);
			path = TableViewCell;
			sourceTree = "<group>";
		};
		269B31AF1F68C2EB003AD97C /* CategoryDetail */ = {
			isa = PBXGroup;
			children = (
				269B31C01F68CFAD003AD97C /* Model */,
				269B31C11F68CFAD003AD97C /* Presenter */,
				269B31B21F68C2EB003AD97C /* View */,
			);
			path = CategoryDetail;
			sourceTree = "<group>";
		};
		269B31B21F68C2EB003AD97C /* View */ = {
			isa = PBXGroup;
			children = (
				269B31B41F68C3B6003AD97C /* CategoryDetailViewController.swift */,
				269B31B51F68C3B6003AD97C /* CategoryDetailViewController.xib */,
				269B31BE1F68C6CE003AD97C /* CategoryDetailViewControllerExtension.swift */,
			);
			path = View;
			sourceTree = "<group>";
		};
		269B31B81F68C580003AD97C /* Common */ = {
			isa = PBXGroup;
			children = (
				269B31B91F68C580003AD97C /* TableViewCell */,
			);
			path = Common;
			sourceTree = "<group>";
		};
		269B31B91F68C580003AD97C /* TableViewCell */ = {
			isa = PBXGroup;
			children = (
				269B31BA1F68C5C1003AD97C /* HomeTableViewCell.swift */,
				269B31BB1F68C5C1003AD97C /* HomeTableViewCell.xib */,
			);
			path = TableViewCell;
			sourceTree = "<group>";
		};
		269B31C01F68CFAD003AD97C /* Model */ = {
			isa = PBXGroup;
			children = (
				269B31C21F68D0F7003AD97C /* CategoryDetailParam.swift */,
				269B31C61F68D3E1003AD97C /* CategoryDetailService.swift */,
			);
			path = Model;
			sourceTree = "<group>";
		};
		269B31C11F68CFAD003AD97C /* Presenter */ = {
			isa = PBXGroup;
			children = (
				269B31C41F68D2AD003AD97C /* CategoryDetailPresenter.swift */,
			);
			path = Presenter;
			sourceTree = "<group>";
		};
		26A1D3C21F60E98900E8670F /* Cache */ = {
			isa = PBXGroup;
			children = (
				26ADD94B1F62300400F67CDF /* TokenAuth.swift */,
				26C8024B1F65A94B003FBBBA /* InterestCache.swift */,
			);
			path = Cache;
			sourceTree = "<group>";
		};
		26A1D3C71F60EF3000E8670F /* Profile */ = {
			isa = PBXGroup;
			children = (
				26A1D3C81F60EF4600E8670F /* Model */,
				26A1D3C91F60EF4600E8670F /* Presenter */,
				26A1D3CA1F60EF4600E8670F /* View */,
			);
			path = Profile;
			sourceTree = "<group>";
		};
		26A1D3C81F60EF4600E8670F /* Model */ = {
			isa = PBXGroup;
			children = (
				26A6CFD51F6A264200786314 /* ProfileModel.swift */,
				26A6CFD71F6A27EB00786314 /* ProfileService.swift */,
				26A6CFDD1F6A2D1400786314 /* ProfileParam.swift */,
			);
			path = Model;
			sourceTree = "<group>";
		};
		26A1D3C91F60EF4600E8670F /* Presenter */ = {
			isa = PBXGroup;
			children = (
				26A6CFD91F6A28E000786314 /* ProfilePresenter.swift */,
			);
			path = Presenter;
			sourceTree = "<group>";
		};
		26A1D3CA1F60EF4600E8670F /* View */ = {
			isa = PBXGroup;
			children = (
				26A1D3CB1F60F04B00E8670F /* ProfileViewController.swift */,
				26A1D3CC1F60F04B00E8670F /* ProfileViewController.xib */,
				26A6CFDB1F6A29ED00786314 /* ProfileViewControllerExtension.swift */,
			);
			path = View;
			sourceTree = "<group>";
		};
		26A1D3CF1F61003700E8670F /* Detail */ = {
			isa = PBXGroup;
			children = (
				26A1D3D01F61003700E8670F /* Model */,
				26A1D3D11F61003700E8670F /* Presenter */,
				26A1D3D21F61003700E8670F /* View */,
			);
			path = Detail;
			sourceTree = "<group>";
		};
		26A1D3D01F61003700E8670F /* Model */ = {
			isa = PBXGroup;
			children = (
			);
			path = Model;
			sourceTree = "<group>";
		};
		26A1D3D11F61003700E8670F /* Presenter */ = {
			isa = PBXGroup;
			children = (
			);
			path = Presenter;
			sourceTree = "<group>";
		};
		26A1D3D21F61003700E8670F /* View */ = {
			isa = PBXGroup;
			children = (
				26A1D3D71F61007200E8670F /* TableViewCell */,
				26C423761F6600DC001F8521 /* DetailArticleViewController.swift */,
				26C423771F6600DC001F8521 /* DetailArticleViewController.xib */,
			);
			path = View;
			sourceTree = "<group>";
		};
		26A1D3D71F61007200E8670F /* TableViewCell */ = {
			isa = PBXGroup;
			children = (
				26A1D3D81F61009200E8670F /* DetailArticleTableViewCell.swift */,
				26A1D3D91F61009200E8670F /* DetailArticleTableViewCell.xib */,
			);
			path = TableViewCell;
			sourceTree = "<group>";
		};
		26B47C9C1F5E395A00CACAD1 /* Home */ = {
			isa = PBXGroup;
			children = (
				26B47C9D1F5E395A00CACAD1 /* Model */,
				26B47C9F1F5E395A00CACAD1 /* Presenter */,
				26B47CA01F5E395A00CACAD1 /* View */,
			);
			path = Home;
			sourceTree = "<group>";
		};
		26B47C9D1F5E395A00CACAD1 /* Model */ = {
			isa = PBXGroup;
			children = (
				26B47C9E1F5E395A00CACAD1 /* HomeModel.swift */,
				26B47CCC1F5E484100CACAD1 /* ArticleService.swift */,
				26A1D3C51F60ECC200E8670F /* ArticleModel.swift */,
			);
			path = Model;
			sourceTree = "<group>";
		};
		26B47C9F1F5E395A00CACAD1 /* Presenter */ = {
			isa = PBXGroup;
			children = (
				26ADD9491F622A8900F67CDF /* HomePresenter.swift */,
			);
			path = Presenter;
			sourceTree = "<group>";
		};
		26B47CA01F5E395A00CACAD1 /* View */ = {
			isa = PBXGroup;
			children = (
				26B47CA11F5E395A00CACAD1 /* HomeViewController.swift */,
				26B47CA21F5E395A00CACAD1 /* HomeViewController.xib */,
				26E011EA1F62C261007058F5 /* HomeViewControllerExtension.swift */,
			);
			path = View;
			sourceTree = "<group>";
		};
		26B47CA61F5E395A00CACAD1 /* Interest */ = {
			isa = PBXGroup;
			children = (
				26E011EC1F62E21B007058F5 /* Model */,
				26E011ED1F62E21B007058F5 /* Presenter */,
				26E011EE1F62E21B007058F5 /* View */,
			);
			path = Interest;
			sourceTree = "<group>";
		};
		26B47CA91F5E395A00CACAD1 /* Login */ = {
			isa = PBXGroup;
			children = (
				26B47CAA1F5E395A00CACAD1 /* Model */,
				26B47CAD1F5E395A00CACAD1 /* Presenter */,
				26B47CAF1F5E395A00CACAD1 /* View */,
			);
			path = Login;
			sourceTree = "<group>";
		};
		26B47CAA1F5E395A00CACAD1 /* Model */ = {
			isa = PBXGroup;
			children = (
				26B47CAB1F5E395A00CACAD1 /* Login.swift */,
				26B47CAC1F5E395A00CACAD1 /* LoginService.swift */,
				2689ABDF1F5E56B0008B0658 /* LoginParam.swift */,
			);
			path = Model;
			sourceTree = "<group>";
		};
		26B47CAD1F5E395A00CACAD1 /* Presenter */ = {
			isa = PBXGroup;
			children = (
				26B47CAE1F5E395A00CACAD1 /* LoginPresenter.swift */,
			);
			path = Presenter;
			sourceTree = "<group>";
		};
		26B47CAF1F5E395A00CACAD1 /* View */ = {
			isa = PBXGroup;
			children = (
				26B47CB01F5E395A00CACAD1 /* LoginViewController.swift */,
				26B47CB11F5E395A00CACAD1 /* LoginViewController.xib */,
				26B47CB21F5E395A00CACAD1 /* LoginViewControllerExtension.swift */,
			);
			path = View;
			sourceTree = "<group>";
		};
		26B47CB31F5E395A00CACAD1 /* Register */ = {
			isa = PBXGroup;
			children = (
				26B47CB41F5E395A00CACAD1 /* Model */,
				26B47CB61F5E395A00CACAD1 /* Presenter */,
				26B47CB81F5E395A00CACAD1 /* View */,
			);
			path = Register;
			sourceTree = "<group>";
		};
		26B47CB41F5E395A00CACAD1 /* Model */ = {
			isa = PBXGroup;
			children = (
				26B47CB51F5E395A00CACAD1 /* RegisterParam.swift */,
				2631E16B1F5E7DE900D3AA72 /* Register.swift */,
				2631E16D1F5E81F700D3AA72 /* RegisterService.swift */,
			);
			path = Model;
			sourceTree = "<group>";
		};
		26B47CB61F5E395A00CACAD1 /* Presenter */ = {
			isa = PBXGroup;
			children = (
				26B47CB71F5E395A00CACAD1 /* RegisterPresenter.swift */,
			);
			path = Presenter;
			sourceTree = "<group>";
		};
		26B47CB81F5E395A00CACAD1 /* View */ = {
			isa = PBXGroup;
			children = (
				26B47CB91F5E395A00CACAD1 /* RegisterViewController.swift */,
				26B47CBA1F5E395A00CACAD1 /* RegisterViewController.xib */,
				2631E16F1F5E84BE00D3AA72 /* RegisterViewControllerExtension.swift */,
			);
			path = View;
			sourceTree = "<group>";
		};
		26B4E3231F64A5C600343CAD /* Main */ = {
			isa = PBXGroup;
			children = (
				26B4E3241F64A5C600343CAD /* Model */,
				26B4E3251F64A5C600343CAD /* Presenter */,
				26B4E3261F64A5C600343CAD /* View */,
			);
			path = Main;
			sourceTree = "<group>";
		};
		26B4E3241F64A5C600343CAD /* Model */ = {
			isa = PBXGroup;
			children = (
			);
			path = Model;
			sourceTree = "<group>";
		};
		26B4E3251F64A5C600343CAD /* Presenter */ = {
			isa = PBXGroup;
			children = (
			);
			path = Presenter;
			sourceTree = "<group>";
		};
		26B4E3261F64A5C600343CAD /* View */ = {
			isa = PBXGroup;
			children = (
				26B4E3271F64A61100343CAD /* MainViewController.swift */,
			);
			path = View;
			sourceTree = "<group>";
		};
		26BB2F321F55054A00944844 = {
			isa = PBXGroup;
			children = (
				26BB2F3D1F55054A00944844 /* DreamCacher */,
				26BB2F521F55054A00944844 /* DreamCacherTests */,
				26BB2F5D1F55054A00944844 /* DreamCacherUITests */,
				26BB2F3C1F55054A00944844 /* Products */,
				0D12971EC85296CC0CF9F05A /* Pods */,
				D18B74FC5E0A01BA71F50CB8 /* Frameworks */,
			);
			sourceTree = "<group>";
		};
		26BB2F3C1F55054A00944844 /* Products */ = {
			isa = PBXGroup;
			children = (
				26BB2F3B1F55054A00944844 /* DreamCacher.app */,
				26BB2F4F1F55054A00944844 /* DreamCacherTests.xctest */,
				26BB2F5A1F55054A00944844 /* DreamCacherUITests.xctest */,
			);
			name = Products;
			sourceTree = "<group>";
		};
		26BB2F3D1F55054A00944844 /* DreamCacher */ = {
			isa = PBXGroup;
			children = (
				26A1D3C21F60E98900E8670F /* Cache */,
				2631E1711F5E85AB00D3AA72 /* Extension */,
				2689ABDC1F5E5559008B0658 /* Networking */,
				26BB2F6C1F5505DC00944844 /* Module */,
				2692B4AE1F571B840044DE79 /* Resource */,
				26BB2F3E1F55054A00944844 /* AppDelegate.swift */,
				26BB2F401F55054A00944844 /* ViewController.swift */,
				26BB2F421F55054A00944844 /* Main.storyboard */,
				26BB2F451F55054A00944844 /* Assets.xcassets */,
				26BB2F471F55054A00944844 /* LaunchScreen.storyboard */,
				26BB2F4A1F55054A00944844 /* Info.plist */,
			);
			path = DreamCacher;
			sourceTree = "<group>";
		};
		26BB2F521F55054A00944844 /* DreamCacherTests */ = {
			isa = PBXGroup;
			children = (
				26BB2F531F55054A00944844 /* DreamCacherTests.swift */,
				26BB2F551F55054A00944844 /* Info.plist */,
			);
			path = DreamCacherTests;
			sourceTree = "<group>";
		};
		26BB2F5D1F55054A00944844 /* DreamCacherUITests */ = {
			isa = PBXGroup;
			children = (
				26BB2F5E1F55054A00944844 /* DreamCacherUITests.swift */,
				26BB2F601F55054A00944844 /* Info.plist */,
			);
			path = DreamCacherUITests;
			sourceTree = "<group>";
		};
		26BB2F6C1F5505DC00944844 /* Module */ = {
			isa = PBXGroup;
			children = (
				2698C0D31F677AD800E19355 /* Category */,
				269B31AF1F68C2EB003AD97C /* CategoryDetail */,
				269B31B81F68C580003AD97C /* Common */,
				26A1D3CF1F61003700E8670F /* Detail */,
				26B47C9C1F5E395A00CACAD1 /* Home */,
				26B47CA61F5E395A00CACAD1 /* Interest */,
				26B47CA91F5E395A00CACAD1 /* Login */,
				26B4E3231F64A5C600343CAD /* Main */,
				26A1D3C71F60EF3000E8670F /* Profile */,
				26B47CB31F5E395A00CACAD1 /* Register */,
			);
			path = Module;
			sourceTree = "<group>";
		};
		26CAA6CB1F5A514800DE4AC6 /* Oswald */ = {
			isa = PBXGroup;
			children = (
				26CAA6CC1F5A514800DE4AC6 /* OFL.txt */,
				26CAA6CD1F5A514800DE4AC6 /* Oswald-Bold.ttf */,
				26CAA6CE1F5A514800DE4AC6 /* Oswald-ExtraLight.ttf */,
				26CAA6CF1F5A514800DE4AC6 /* Oswald-Light.ttf */,
				26CAA6D01F5A514800DE4AC6 /* Oswald-Medium.ttf */,
				26CAA6D11F5A514800DE4AC6 /* Oswald-Regular.ttf */,
				26CAA6D21F5A514800DE4AC6 /* Oswald-SemiBold.ttf */,
			);
			path = Oswald;
			sourceTree = "<group>";
		};
		26E011EC1F62E21B007058F5 /* Model */ = {
			isa = PBXGroup;
			children = (
				26EDE6BA1F63D8D400F6026F /* InterestModel.swift */,
				26EDE6BC1F63E06D00F6026F /* InterestItemModel.swift */,
				26EDE6BE1F63E1B000F6026F /* InterestService.swift */,
			);
			path = Model;
			sourceTree = "<group>";
		};
		26E011ED1F62E21B007058F5 /* Presenter */ = {
			isa = PBXGroup;
			children = (
				26EDE6C01F63E69800F6026F /* InterestPresenter.swift */,
			);
			path = Presenter;
			sourceTree = "<group>";
		};
		26E011EE1F62E21B007058F5 /* View */ = {
			isa = PBXGroup;
			children = (
				26E011F51F62E28A007058F5 /* TableViewCell */,
				26E011F11F62E277007058F5 /* InterestViewController.swift */,
				26E011F21F62E277007058F5 /* InterestViewController.xib */,
				26EDE6C21F63E89D00F6026F /* InterestViewControllerExtension.swift */,
			);
			path = View;
			sourceTree = "<group>";
		};
		26E011F51F62E28A007058F5 /* TableViewCell */ = {
			isa = PBXGroup;
			children = (
				26E011F61F62E2A1007058F5 /* InterestTableViewCell.swift */,
				26E011F71F62E2A1007058F5 /* InterestTableViewCell.xib */,
			);
			path = TableViewCell;
			sourceTree = "<group>";
		};
		D18B74FC5E0A01BA71F50CB8 /* Frameworks */ = {
			isa = PBXGroup;
			children = (
				0C11CD1F375E5C6B811A03DE /* Pods_DreamCacher.framework */,
				3FB715A2E8A6375A9F3F6B5F /* Pods_DreamCacherTests.framework */,
				E5E9905B3B44BAEA34159D6E /* Pods_DreamCacherUITests.framework */,
			);
			name = Frameworks;
			sourceTree = "<group>";
		};
/* End PBXGroup section */

/* Begin PBXNativeTarget section */
		26BB2F3A1F55054A00944844 /* DreamCacher */ = {
			isa = PBXNativeTarget;
			buildConfigurationList = 26BB2F631F55054A00944844 /* Build configuration list for PBXNativeTarget "DreamCacher" */;
			buildPhases = (
				89C28F9E342F62C4A0F0ED32 /* [CP] Check Pods Manifest.lock */,
				26BB2F371F55054A00944844 /* Sources */,
				26BB2F381F55054A00944844 /* Frameworks */,
				26BB2F391F55054A00944844 /* Resources */,
				B156AF491A8F1D97E7DA28D7 /* [CP] Embed Pods Frameworks */,
				A51D1B5CF3774C3B288C6700 /* [CP] Copy Pods Resources */,
			);
			buildRules = (
			);
			dependencies = (
			);
			name = DreamCacher;
			productName = DreamCacher;
			productReference = 26BB2F3B1F55054A00944844 /* DreamCacher.app */;
			productType = "com.apple.product-type.application";
		};
		26BB2F4E1F55054A00944844 /* DreamCacherTests */ = {
			isa = PBXNativeTarget;
			buildConfigurationList = 26BB2F661F55054A00944844 /* Build configuration list for PBXNativeTarget "DreamCacherTests" */;
			buildPhases = (
				CE2A82BE46292466F06C975E /* [CP] Check Pods Manifest.lock */,
				26BB2F4B1F55054A00944844 /* Sources */,
				26BB2F4C1F55054A00944844 /* Frameworks */,
				26BB2F4D1F55054A00944844 /* Resources */,
				BD1AFA8F870549AD6A3FAFB4 /* [CP] Embed Pods Frameworks */,
				7A446375A7450E06C317B9D8 /* [CP] Copy Pods Resources */,
			);
			buildRules = (
			);
			dependencies = (
				26BB2F511F55054A00944844 /* PBXTargetDependency */,
			);
			name = DreamCacherTests;
			productName = DreamCacherTests;
			productReference = 26BB2F4F1F55054A00944844 /* DreamCacherTests.xctest */;
			productType = "com.apple.product-type.bundle.unit-test";
		};
		26BB2F591F55054A00944844 /* DreamCacherUITests */ = {
			isa = PBXNativeTarget;
			buildConfigurationList = 26BB2F691F55054A00944844 /* Build configuration list for PBXNativeTarget "DreamCacherUITests" */;
			buildPhases = (
				BC089979221BCF457C8E230F /* [CP] Check Pods Manifest.lock */,
				26BB2F561F55054A00944844 /* Sources */,
				26BB2F571F55054A00944844 /* Frameworks */,
				26BB2F581F55054A00944844 /* Resources */,
				67BF6C740A25C743D8F3CDC9 /* [CP] Embed Pods Frameworks */,
				BB0C70003220378A2BB1CDDF /* [CP] Copy Pods Resources */,
			);
			buildRules = (
			);
			dependencies = (
				26BB2F5C1F55054A00944844 /* PBXTargetDependency */,
			);
			name = DreamCacherUITests;
			productName = DreamCacherUITests;
			productReference = 26BB2F5A1F55054A00944844 /* DreamCacherUITests.xctest */;
			productType = "com.apple.product-type.bundle.ui-testing";
		};
/* End PBXNativeTarget section */

/* Begin PBXProject section */
		26BB2F331F55054A00944844 /* Project object */ = {
			isa = PBXProject;
			attributes = {
				LastSwiftUpdateCheck = 0820;
				LastUpgradeCheck = 0820;
				ORGANIZATIONNAME = "Rio Swarawan";
				TargetAttributes = {
					26BB2F3A1F55054A00944844 = {
						CreatedOnToolsVersion = 8.2;
						DevelopmentTeam = 2D7X2P7E75;
						ProvisioningStyle = Automatic;
					};
					26BB2F4E1F55054A00944844 = {
						CreatedOnToolsVersion = 8.2;
						DevelopmentTeam = 2D7X2P7E75;
						ProvisioningStyle = Automatic;
						TestTargetID = 26BB2F3A1F55054A00944844;
					};
					26BB2F591F55054A00944844 = {
						CreatedOnToolsVersion = 8.2;
						DevelopmentTeam = 2D7X2P7E75;
						ProvisioningStyle = Automatic;
						TestTargetID = 26BB2F3A1F55054A00944844;
					};
				};
			};
			buildConfigurationList = 26BB2F361F55054A00944844 /* Build configuration list for PBXProject "DreamCacher" */;
			compatibilityVersion = "Xcode 3.2";
			developmentRegion = English;
			hasScannedForEncodings = 0;
			knownRegions = (
				en,
				Base,
			);
			mainGroup = 26BB2F321F55054A00944844;
			productRefGroup = 26BB2F3C1F55054A00944844 /* Products */;
			projectDirPath = "";
			projectRoot = "";
			targets = (
				26BB2F3A1F55054A00944844 /* DreamCacher */,
				26BB2F4E1F55054A00944844 /* DreamCacherTests */,
				26BB2F591F55054A00944844 /* DreamCacherUITests */,
			);
		};
/* End PBXProject section */

/* Begin PBXResourcesBuildPhase section */
		26BB2F391F55054A00944844 /* Resources */ = {
			isa = PBXResourcesBuildPhase;
			buildActionMask = 2147483647;
			files = (
				267B3AB11F6A79AA00901A95 /* OFL.txt in Resources */,
				267B3ABA1F6A7BE100901A95 /* RockoUltraFLF.ttf in Resources */,
				26B47CC61F5E395A00CACAD1 /* LoginViewController.xib in Resources */,
				26B47CCB1F5E395A00CACAD1 /* RegisterViewController.xib in Resources */,
				26CAA6D91F5A514800DE4AC6 /* Oswald-SemiBold.ttf in Resources */,
				2698C0E11F677D6E00E19355 /* CategoryTableViewCell.xib in Resources */,
				26CAA6D31F5A514800DE4AC6 /* OFL.txt in Resources */,
				26BB2F491F55054A00944844 /* LaunchScreen.storyboard in Resources */,
				26442B591F5BAB9800542790 /* LICENSE.txt in Resources */,
				26E011F41F62E277007058F5 /* InterestViewController.xib in Resources */,
				26CAA6D61F5A514800DE4AC6 /* Oswald-Light.ttf in Resources */,
				26442B581F5BAB9800542790 /* JustAnotherHand-Regular.ttf in Resources */,
				26CAA6D51F5A514800DE4AC6 /* Oswald-ExtraLight.ttf in Resources */,
				26BB2F461F55054A00944844 /* Assets.xcassets in Resources */,
				26CAA6D81F5A514800DE4AC6 /* Oswald-Regular.ttf in Resources */,
				2698C0DC1F677C9A00E19355 /* CategoryViewController.xib in Resources */,
				26A1D3DB1F61009200E8670F /* DetailArticleTableViewCell.xib in Resources */,
				26A1D3CE1F60F04B00E8670F /* ProfileViewController.xib in Resources */,
				26BB2F441F55054A00944844 /* Main.storyboard in Resources */,
				267B3AB91F6A7BE100901A95 /* RockoUltraFLF-Bold.ttf in Resources */,
				267B3AB01F6A79A900901A95 /* Lobster-Regular.ttf in Resources */,
				26E011F91F62E2A1007058F5 /* InterestTableViewCell.xib in Resources */,
				269B31B71F68C3B6003AD97C /* CategoryDetailViewController.xib in Resources */,
				269B31BD1F68C5C1003AD97C /* HomeTableViewCell.xib in Resources */,
				26B47CBD1F5E395A00CACAD1 /* HomeViewController.xib in Resources */,
				267B3AB71F6A7BE100901A95 /* RockoFLF-Bold.ttf in Resources */,
				26C423791F6600DC001F8521 /* DetailArticleViewController.xib in Resources */,
				26CAA6D71F5A514800DE4AC6 /* Oswald-Medium.ttf in Resources */,
				267B3AB81F6A7BE100901A95 /* RockoFLF.ttf in Resources */,
				26CAA6D41F5A514800DE4AC6 /* Oswald-Bold.ttf in Resources */,
			);
			runOnlyForDeploymentPostprocessing = 0;
		};
		26BB2F4D1F55054A00944844 /* Resources */ = {
			isa = PBXResourcesBuildPhase;
			buildActionMask = 2147483647;
			files = (
			);
			runOnlyForDeploymentPostprocessing = 0;
		};
		26BB2F581F55054A00944844 /* Resources */ = {
			isa = PBXResourcesBuildPhase;
			buildActionMask = 2147483647;
			files = (
			);
			runOnlyForDeploymentPostprocessing = 0;
		};
/* End PBXResourcesBuildPhase section */

/* Begin PBXShellScriptBuildPhase section */
		67BF6C740A25C743D8F3CDC9 /* [CP] Embed Pods Frameworks */ = {
			isa = PBXShellScriptBuildPhase;
			buildActionMask = 2147483647;
			files = (
			);
			inputPaths = (
			);
			name = "[CP] Embed Pods Frameworks";
			outputPaths = (
			);
			runOnlyForDeploymentPostprocessing = 0;
			shellPath = /bin/sh;
			shellScript = "\"${SRCROOT}/Pods/Target Support Files/Pods-DreamCacherUITests/Pods-DreamCacherUITests-frameworks.sh\"\n";
			showEnvVarsInLog = 0;
		};
		7A446375A7450E06C317B9D8 /* [CP] Copy Pods Resources */ = {
			isa = PBXShellScriptBuildPhase;
			buildActionMask = 2147483647;
			files = (
			);
			inputPaths = (
			);
			name = "[CP] Copy Pods Resources";
			outputPaths = (
			);
			runOnlyForDeploymentPostprocessing = 0;
			shellPath = /bin/sh;
			shellScript = "\"${SRCROOT}/Pods/Target Support Files/Pods-DreamCacherTests/Pods-DreamCacherTests-resources.sh\"\n";
			showEnvVarsInLog = 0;
		};
		89C28F9E342F62C4A0F0ED32 /* [CP] Check Pods Manifest.lock */ = {
			isa = PBXShellScriptBuildPhase;
			buildActionMask = 2147483647;
			files = (
			);
			inputPaths = (
			);
			name = "[CP] Check Pods Manifest.lock";
			outputPaths = (
			);
			runOnlyForDeploymentPostprocessing = 0;
			shellPath = /bin/sh;
			shellScript = "diff \"${PODS_ROOT}/../Podfile.lock\" \"${PODS_ROOT}/Manifest.lock\" > /dev/null\nif [ $? != 0 ] ; then\n    # print error to STDERR\n    echo \"error: The sandbox is not in sync with the Podfile.lock. Run 'pod install' or update your CocoaPods installation.\" >&2\n    exit 1\nfi\n";
			showEnvVarsInLog = 0;
		};
		A51D1B5CF3774C3B288C6700 /* [CP] Copy Pods Resources */ = {
			isa = PBXShellScriptBuildPhase;
			buildActionMask = 2147483647;
			files = (
			);
			inputPaths = (
			);
			name = "[CP] Copy Pods Resources";
			outputPaths = (
			);
			runOnlyForDeploymentPostprocessing = 0;
			shellPath = /bin/sh;
			shellScript = "\"${SRCROOT}/Pods/Target Support Files/Pods-DreamCacher/Pods-DreamCacher-resources.sh\"\n";
			showEnvVarsInLog = 0;
		};
		B156AF491A8F1D97E7DA28D7 /* [CP] Embed Pods Frameworks */ = {
			isa = PBXShellScriptBuildPhase;
			buildActionMask = 2147483647;
			files = (
			);
			inputPaths = (
			);
			name = "[CP] Embed Pods Frameworks";
			outputPaths = (
			);
			runOnlyForDeploymentPostprocessing = 0;
			shellPath = /bin/sh;
			shellScript = "\"${SRCROOT}/Pods/Target Support Files/Pods-DreamCacher/Pods-DreamCacher-frameworks.sh\"\n";
			showEnvVarsInLog = 0;
		};
		BB0C70003220378A2BB1CDDF /* [CP] Copy Pods Resources */ = {
			isa = PBXShellScriptBuildPhase;
			buildActionMask = 2147483647;
			files = (
			);
			inputPaths = (
			);
			name = "[CP] Copy Pods Resources";
			outputPaths = (
			);
			runOnlyForDeploymentPostprocessing = 0;
			shellPath = /bin/sh;
			shellScript = "\"${SRCROOT}/Pods/Target Support Files/Pods-DreamCacherUITests/Pods-DreamCacherUITests-resources.sh\"\n";
			showEnvVarsInLog = 0;
		};
		BC089979221BCF457C8E230F /* [CP] Check Pods Manifest.lock */ = {
			isa = PBXShellScriptBuildPhase;
			buildActionMask = 2147483647;
			files = (
			);
			inputPaths = (
			);
			name = "[CP] Check Pods Manifest.lock";
			outputPaths = (
			);
			runOnlyForDeploymentPostprocessing = 0;
			shellPath = /bin/sh;
			shellScript = "diff \"${PODS_ROOT}/../Podfile.lock\" \"${PODS_ROOT}/Manifest.lock\" > /dev/null\nif [ $? != 0 ] ; then\n    # print error to STDERR\n    echo \"error: The sandbox is not in sync with the Podfile.lock. Run 'pod install' or update your CocoaPods installation.\" >&2\n    exit 1\nfi\n";
			showEnvVarsInLog = 0;
		};
		BD1AFA8F870549AD6A3FAFB4 /* [CP] Embed Pods Frameworks */ = {
			isa = PBXShellScriptBuildPhase;
			buildActionMask = 2147483647;
			files = (
			);
			inputPaths = (
			);
			name = "[CP] Embed Pods Frameworks";
			outputPaths = (
			);
			runOnlyForDeploymentPostprocessing = 0;
			shellPath = /bin/sh;
			shellScript = "\"${SRCROOT}/Pods/Target Support Files/Pods-DreamCacherTests/Pods-DreamCacherTests-frameworks.sh\"\n";
			showEnvVarsInLog = 0;
		};
		CE2A82BE46292466F06C975E /* [CP] Check Pods Manifest.lock */ = {
			isa = PBXShellScriptBuildPhase;
			buildActionMask = 2147483647;
			files = (
			);
			inputPaths = (
			);
			name = "[CP] Check Pods Manifest.lock";
			outputPaths = (
			);
			runOnlyForDeploymentPostprocessing = 0;
			shellPath = /bin/sh;
			shellScript = "diff \"${PODS_ROOT}/../Podfile.lock\" \"${PODS_ROOT}/Manifest.lock\" > /dev/null\nif [ $? != 0 ] ; then\n    # print error to STDERR\n    echo \"error: The sandbox is not in sync with the Podfile.lock. Run 'pod install' or update your CocoaPods installation.\" >&2\n    exit 1\nfi\n";
			showEnvVarsInLog = 0;
		};
/* End PBXShellScriptBuildPhase section */

/* Begin PBXSourcesBuildPhase section */
		26BB2F371F55054A00944844 /* Sources */ = {
			isa = PBXSourcesBuildPhase;
			buildActionMask = 2147483647;
			files = (
				26EDE6BD1F63E06D00F6026F /* InterestItemModel.swift in Sources */,
				269B31C51F68D2AD003AD97C /* CategoryDetailPresenter.swift in Sources */,
				26E011F81F62E2A1007058F5 /* InterestTableViewCell.swift in Sources */,
				26C423781F6600DC001F8521 /* DetailArticleViewController.swift in Sources */,
				2631E16C1F5E7DE900D3AA72 /* Register.swift in Sources */,
				26B47CBC1F5E395A00CACAD1 /* HomeViewController.swift in Sources */,
				2631E1701F5E84BE00D3AA72 /* RegisterViewControllerExtension.swift in Sources */,
				269B31BC1F68C5C1003AD97C /* HomeTableViewCell.swift in Sources */,
				26B47CBB1F5E395A00CACAD1 /* HomeModel.swift in Sources */,
				26B47CC81F5E395A00CACAD1 /* RegisterParam.swift in Sources */,
				26ADD94A1F622A8900F67CDF /* HomePresenter.swift in Sources */,
				26A6CFDE1F6A2D1400786314 /* ProfileParam.swift in Sources */,
				2698C0E51F6782B400E19355 /* CategoryViewControllerExtension.swift in Sources */,
				26B47CCD1F5E484100CACAD1 /* ArticleService.swift in Sources */,
				26EDE6BF1F63E1B000F6026F /* InterestService.swift in Sources */,
				2689ABDE1F5E563A008B0658 /* NetworkService.swift in Sources */,
				26442B541F5BA9E000542790 /* ColorTheme.swift in Sources */,
				26A1D3C61F60ECC200E8670F /* ArticleModel.swift in Sources */,
				26B4E3281F64A61100343CAD /* MainViewController.swift in Sources */,
				269B31BF1F68C6CE003AD97C /* CategoryDetailViewControllerExtension.swift in Sources */,
				2698C0DB1F677C9A00E19355 /* CategoryViewController.swift in Sources */,
				26A1D3DA1F61009200E8670F /* DetailArticleTableViewCell.swift in Sources */,
				26ADD94C1F62300400F67CDF /* TokenAuth.swift in Sources */,
				2698C0D81F677B4200E19355 /* CategoryPresenter.swift in Sources */,
				269B31C71F68D3E1003AD97C /* CategoryDetailService.swift in Sources */,
				26B47CC41F5E395A00CACAD1 /* LoginPresenter.swift in Sources */,
				26EDE6BB1F63D8D400F6026F /* InterestModel.swift in Sources */,
				26B47CCA1F5E395A00CACAD1 /* RegisterViewController.swift in Sources */,
				26E011EB1F62C261007058F5 /* HomeViewControllerExtension.swift in Sources */,
				26EDE6C31F63E89D00F6026F /* InterestViewControllerExtension.swift in Sources */,
				26B47CC31F5E395A00CACAD1 /* LoginService.swift in Sources */,
				2631E1731F5E85C200D3AA72 /* String.swift in Sources */,
				26B47CC71F5E395A00CACAD1 /* LoginViewControllerExtension.swift in Sources */,
				26B47CC91F5E395A00CACAD1 /* RegisterPresenter.swift in Sources */,
				2631E16E1F5E81F700D3AA72 /* RegisterService.swift in Sources */,
				269B31C31F68D0F7003AD97C /* CategoryDetailParam.swift in Sources */,
				26B47CC21F5E395A00CACAD1 /* Login.swift in Sources */,
				2698C0E01F677D6E00E19355 /* CategoryTableViewCell.swift in Sources */,
				26E011F31F62E277007058F5 /* InterestViewController.swift in Sources */,
				26A6CFDC1F6A29ED00786314 /* ProfileViewControllerExtension.swift in Sources */,
				26A6CFDA1F6A28E000786314 /* ProfilePresenter.swift in Sources */,
				269878E51F66269800DA69E6 /* UILabel.swift in Sources */,
				26BB2F411F55054A00944844 /* ViewController.swift in Sources */,
				26C8024C1F65A94B003FBBBA /* InterestCache.swift in Sources */,
				26A6CFD81F6A27EB00786314 /* ProfileService.swift in Sources */,
				26A6CFD61F6A264200786314 /* ProfileModel.swift in Sources */,
				26C802481F658D67003FBBBA /* Date.swift in Sources */,
				26BB2F3F1F55054A00944844 /* AppDelegate.swift in Sources */,
				269B31B61F68C3B6003AD97C /* CategoryDetailViewController.swift in Sources */,
				26A1D3CD1F60F04B00E8670F /* ProfileViewController.swift in Sources */,
				26B47CC51F5E395A00CACAD1 /* LoginViewController.swift in Sources */,
				26C8024A1F65A5B0003FBBBA /* UIImage.swift in Sources */,
				26EDE6C11F63E69800F6026F /* InterestPresenter.swift in Sources */,
				2689ABE01F5E56B0008B0658 /* LoginParam.swift in Sources */,
			);
			runOnlyForDeploymentPostprocessing = 0;
		};
		26BB2F4B1F55054A00944844 /* Sources */ = {
			isa = PBXSourcesBuildPhase;
			buildActionMask = 2147483647;
			files = (
				26BB2F541F55054A00944844 /* DreamCacherTests.swift in Sources */,
			);
			runOnlyForDeploymentPostprocessing = 0;
		};
		26BB2F561F55054A00944844 /* Sources */ = {
			isa = PBXSourcesBuildPhase;
			buildActionMask = 2147483647;
			files = (
				26BB2F5F1F55054A00944844 /* DreamCacherUITests.swift in Sources */,
			);
			runOnlyForDeploymentPostprocessing = 0;
		};
/* End PBXSourcesBuildPhase section */

/* Begin PBXTargetDependency section */
		26BB2F511F55054A00944844 /* PBXTargetDependency */ = {
			isa = PBXTargetDependency;
			target = 26BB2F3A1F55054A00944844 /* DreamCacher */;
			targetProxy = 26BB2F501F55054A00944844 /* PBXContainerItemProxy */;
		};
		26BB2F5C1F55054A00944844 /* PBXTargetDependency */ = {
			isa = PBXTargetDependency;
			target = 26BB2F3A1F55054A00944844 /* DreamCacher */;
			targetProxy = 26BB2F5B1F55054A00944844 /* PBXContainerItemProxy */;
		};
/* End PBXTargetDependency section */

/* Begin PBXVariantGroup section */
		26BB2F421F55054A00944844 /* Main.storyboard */ = {
			isa = PBXVariantGroup;
			children = (
				26BB2F431F55054A00944844 /* Base */,
			);
			name = Main.storyboard;
			sourceTree = "<group>";
		};
		26BB2F471F55054A00944844 /* LaunchScreen.storyboard */ = {
			isa = PBXVariantGroup;
			children = (
				26BB2F481F55054A00944844 /* Base */,
			);
			name = LaunchScreen.storyboard;
			sourceTree = "<group>";
		};
/* End PBXVariantGroup section */

/* Begin XCBuildConfiguration section */
		26BB2F611F55054A00944844 /* Debug */ = {
			isa = XCBuildConfiguration;
			buildSettings = {
				ALWAYS_SEARCH_USER_PATHS = NO;
				CLANG_ANALYZER_NONNULL = YES;
				CLANG_CXX_LANGUAGE_STANDARD = "gnu++0x";
				CLANG_CXX_LIBRARY = "libc++";
				CLANG_ENABLE_MODULES = YES;
				CLANG_ENABLE_OBJC_ARC = YES;
				CLANG_WARN_BOOL_CONVERSION = YES;
				CLANG_WARN_CONSTANT_CONVERSION = YES;
				CLANG_WARN_DIRECT_OBJC_ISA_USAGE = YES_ERROR;
				CLANG_WARN_DOCUMENTATION_COMMENTS = YES;
				CLANG_WARN_EMPTY_BODY = YES;
				CLANG_WARN_ENUM_CONVERSION = YES;
				CLANG_WARN_INFINITE_RECURSION = YES;
				CLANG_WARN_INT_CONVERSION = YES;
				CLANG_WARN_OBJC_ROOT_CLASS = YES_ERROR;
				CLANG_WARN_SUSPICIOUS_MOVE = YES;
				CLANG_WARN_UNREACHABLE_CODE = YES;
				CLANG_WARN__DUPLICATE_METHOD_MATCH = YES;
				"CODE_SIGN_IDENTITY[sdk=iphoneos*]" = "iPhone Developer";
				COPY_PHASE_STRIP = NO;
				DEBUG_INFORMATION_FORMAT = dwarf;
				ENABLE_STRICT_OBJC_MSGSEND = YES;
				ENABLE_TESTABILITY = YES;
				GCC_C_LANGUAGE_STANDARD = gnu99;
				GCC_DYNAMIC_NO_PIC = NO;
				GCC_NO_COMMON_BLOCKS = YES;
				GCC_OPTIMIZATION_LEVEL = 0;
				GCC_PREPROCESSOR_DEFINITIONS = (
					"DEBUG=1",
					"$(inherited)",
				);
				GCC_WARN_64_TO_32_BIT_CONVERSION = YES;
				GCC_WARN_ABOUT_RETURN_TYPE = YES_ERROR;
				GCC_WARN_UNDECLARED_SELECTOR = YES;
				GCC_WARN_UNINITIALIZED_AUTOS = YES_AGGRESSIVE;
				GCC_WARN_UNUSED_FUNCTION = YES;
				GCC_WARN_UNUSED_VARIABLE = YES;
				IPHONEOS_DEPLOYMENT_TARGET = 10.2;
				MTL_ENABLE_DEBUG_INFO = YES;
				ONLY_ACTIVE_ARCH = YES;
				SDKROOT = iphoneos;
				SWIFT_ACTIVE_COMPILATION_CONDITIONS = DEBUG;
				SWIFT_OPTIMIZATION_LEVEL = "-Onone";
				TARGETED_DEVICE_FAMILY = "1,2";
			};
			name = Debug;
		};
		26BB2F621F55054A00944844 /* Release */ = {
			isa = XCBuildConfiguration;
			buildSettings = {
				ALWAYS_SEARCH_USER_PATHS = NO;
				CLANG_ANALYZER_NONNULL = YES;
				CLANG_CXX_LANGUAGE_STANDARD = "gnu++0x";
				CLANG_CXX_LIBRARY = "libc++";
				CLANG_ENABLE_MODULES = YES;
				CLANG_ENABLE_OBJC_ARC = YES;
				CLANG_WARN_BOOL_CONVERSION = YES;
				CLANG_WARN_CONSTANT_CONVERSION = YES;
				CLANG_WARN_DIRECT_OBJC_ISA_USAGE = YES_ERROR;
				CLANG_WARN_DOCUMENTATION_COMMENTS = YES;
				CLANG_WARN_EMPTY_BODY = YES;
				CLANG_WARN_ENUM_CONVERSION = YES;
				CLANG_WARN_INFINITE_RECURSION = YES;
				CLANG_WARN_INT_CONVERSION = YES;
				CLANG_WARN_OBJC_ROOT_CLASS = YES_ERROR;
				CLANG_WARN_SUSPICIOUS_MOVE = YES;
				CLANG_WARN_UNREACHABLE_CODE = YES;
				CLANG_WARN__DUPLICATE_METHOD_MATCH = YES;
				"CODE_SIGN_IDENTITY[sdk=iphoneos*]" = "iPhone Developer";
				COPY_PHASE_STRIP = NO;
				DEBUG_INFORMATION_FORMAT = "dwarf-with-dsym";
				ENABLE_NS_ASSERTIONS = NO;
				ENABLE_STRICT_OBJC_MSGSEND = YES;
				GCC_C_LANGUAGE_STANDARD = gnu99;
				GCC_NO_COMMON_BLOCKS = YES;
				GCC_WARN_64_TO_32_BIT_CONVERSION = YES;
				GCC_WARN_ABOUT_RETURN_TYPE = YES_ERROR;
				GCC_WARN_UNDECLARED_SELECTOR = YES;
				GCC_WARN_UNINITIALIZED_AUTOS = YES_AGGRESSIVE;
				GCC_WARN_UNUSED_FUNCTION = YES;
				GCC_WARN_UNUSED_VARIABLE = YES;
				IPHONEOS_DEPLOYMENT_TARGET = 10.2;
				MTL_ENABLE_DEBUG_INFO = NO;
				SDKROOT = iphoneos;
				SWIFT_OPTIMIZATION_LEVEL = "-Owholemodule";
				TARGETED_DEVICE_FAMILY = "1,2";
				VALIDATE_PRODUCT = YES;
			};
			name = Release;
		};
		26BB2F641F55054A00944844 /* Debug */ = {
			isa = XCBuildConfiguration;
			baseConfigurationReference = 9D62FEEF953C407C947CFEBC /* Pods-DreamCacher.debug.xcconfig */;
			buildSettings = {
				ASSETCATALOG_COMPILER_APPICON_NAME = AppIcon;
				"CODE_SIGN_IDENTITY[sdk=iphoneos*]" = "iPhone Developer";
				DEVELOPMENT_TEAM = 2D7X2P7E75;
				INFOPLIST_FILE = DreamCacher/Info.plist;
				IPHONEOS_DEPLOYMENT_TARGET = 10.2;
				LD_RUNPATH_SEARCH_PATHS = "$(inherited) @executable_path/Frameworks";
				PRODUCT_BUNDLE_IDENTIFIER = com.swarawan.DreamCacher;
				PRODUCT_NAME = "$(TARGET_NAME)";
				SWIFT_VERSION = 3.0;
			};
			name = Debug;
		};
		26BB2F651F55054A00944844 /* Release */ = {
			isa = XCBuildConfiguration;
			baseConfigurationReference = 552869B9D08D4772F647B3E0 /* Pods-DreamCacher.release.xcconfig */;
			buildSettings = {
				ASSETCATALOG_COMPILER_APPICON_NAME = AppIcon;
				"CODE_SIGN_IDENTITY[sdk=iphoneos*]" = "iPhone Developer";
				DEVELOPMENT_TEAM = 2D7X2P7E75;
				INFOPLIST_FILE = DreamCacher/Info.plist;
				IPHONEOS_DEPLOYMENT_TARGET = 10.2;
				LD_RUNPATH_SEARCH_PATHS = "$(inherited) @executable_path/Frameworks";
				PRODUCT_BUNDLE_IDENTIFIER = com.swarawan.DreamCacher;
				PRODUCT_NAME = "$(TARGET_NAME)";
				SWIFT_VERSION = 3.0;
			};
			name = Release;
		};
		26BB2F671F55054A00944844 /* Debug */ = {
			isa = XCBuildConfiguration;
			baseConfigurationReference = 5625584A1FA78CC6AC6F5462 /* Pods-DreamCacherTests.debug.xcconfig */;
			buildSettings = {
				ALWAYS_EMBED_SWIFT_STANDARD_LIBRARIES = YES;
				BUNDLE_LOADER = "$(TEST_HOST)";
				DEVELOPMENT_TEAM = 2D7X2P7E75;
				INFOPLIST_FILE = DreamCacherTests/Info.plist;
				LD_RUNPATH_SEARCH_PATHS = "$(inherited) @executable_path/Frameworks @loader_path/Frameworks";
				PRODUCT_BUNDLE_IDENTIFIER = com.swarawan.DreamCacherTests;
				PRODUCT_NAME = "$(TARGET_NAME)";
				SWIFT_VERSION = 3.0;
				TEST_HOST = "$(BUILT_PRODUCTS_DIR)/DreamCacher.app/DreamCacher";
			};
			name = Debug;
		};
		26BB2F681F55054A00944844 /* Release */ = {
			isa = XCBuildConfiguration;
			baseConfigurationReference = EF200C81E0FE0C8243585D14 /* Pods-DreamCacherTests.release.xcconfig */;
			buildSettings = {
				ALWAYS_EMBED_SWIFT_STANDARD_LIBRARIES = YES;
				BUNDLE_LOADER = "$(TEST_HOST)";
				DEVELOPMENT_TEAM = 2D7X2P7E75;
				INFOPLIST_FILE = DreamCacherTests/Info.plist;
				LD_RUNPATH_SEARCH_PATHS = "$(inherited) @executable_path/Frameworks @loader_path/Frameworks";
				PRODUCT_BUNDLE_IDENTIFIER = com.swarawan.DreamCacherTests;
				PRODUCT_NAME = "$(TARGET_NAME)";
				SWIFT_VERSION = 3.0;
				TEST_HOST = "$(BUILT_PRODUCTS_DIR)/DreamCacher.app/DreamCacher";
			};
			name = Release;
		};
		26BB2F6A1F55054A00944844 /* Debug */ = {
			isa = XCBuildConfiguration;
			baseConfigurationReference = 849C6A87FCD474FC019FC53D /* Pods-DreamCacherUITests.debug.xcconfig */;
			buildSettings = {
				ALWAYS_EMBED_SWIFT_STANDARD_LIBRARIES = YES;
				DEVELOPMENT_TEAM = 2D7X2P7E75;
				INFOPLIST_FILE = DreamCacherUITests/Info.plist;
				LD_RUNPATH_SEARCH_PATHS = "$(inherited) @executable_path/Frameworks @loader_path/Frameworks";
				PRODUCT_BUNDLE_IDENTIFIER = com.swarawan.DreamCacherUITests;
				PRODUCT_NAME = "$(TARGET_NAME)";
				SWIFT_VERSION = 3.0;
				TEST_TARGET_NAME = DreamCacher;
			};
			name = Debug;
		};
		26BB2F6B1F55054A00944844 /* Release */ = {
			isa = XCBuildConfiguration;
			baseConfigurationReference = F0B052D917B8FF7F363E440F /* Pods-DreamCacherUITests.release.xcconfig */;
			buildSettings = {
				ALWAYS_EMBED_SWIFT_STANDARD_LIBRARIES = YES;
				DEVELOPMENT_TEAM = 2D7X2P7E75;
				INFOPLIST_FILE = DreamCacherUITests/Info.plist;
				LD_RUNPATH_SEARCH_PATHS = "$(inherited) @executable_path/Frameworks @loader_path/Frameworks";
				PRODUCT_BUNDLE_IDENTIFIER = com.swarawan.DreamCacherUITests;
				PRODUCT_NAME = "$(TARGET_NAME)";
				SWIFT_VERSION = 3.0;
				TEST_TARGET_NAME = DreamCacher;
			};
			name = Release;
		};
/* End XCBuildConfiguration section */

/* Begin XCConfigurationList section */
		26BB2F361F55054A00944844 /* Build configuration list for PBXProject "DreamCacher" */ = {
			isa = XCConfigurationList;
			buildConfigurations = (
				26BB2F611F55054A00944844 /* Debug */,
				26BB2F621F55054A00944844 /* Release */,
			);
			defaultConfigurationIsVisible = 0;
			defaultConfigurationName = Release;
		};
		26BB2F631F55054A00944844 /* Build configuration list for PBXNativeTarget "DreamCacher" */ = {
			isa = XCConfigurationList;
			buildConfigurations = (
				26BB2F641F55054A00944844 /* Debug */,
				26BB2F651F55054A00944844 /* Release */,
			);
			defaultConfigurationIsVisible = 0;
			defaultConfigurationName = Release;
		};
		26BB2F661F55054A00944844 /* Build configuration list for PBXNativeTarget "DreamCacherTests" */ = {
			isa = XCConfigurationList;
			buildConfigurations = (
				26BB2F671F55054A00944844 /* Debug */,
				26BB2F681F55054A00944844 /* Release */,
			);
			defaultConfigurationIsVisible = 0;
			defaultConfigurationName = Release;
		};
		26BB2F691F55054A00944844 /* Build configuration list for PBXNativeTarget "DreamCacherUITests" */ = {
			isa = XCConfigurationList;
			buildConfigurations = (
				26BB2F6A1F55054A00944844 /* Debug */,
				26BB2F6B1F55054A00944844 /* Release */,
			);
			defaultConfigurationIsVisible = 0;
			defaultConfigurationName = Release;
		};
/* End XCConfigurationList section */
	};
	rootObject = 26BB2F331F55054A00944844 /* Project object */;
}
